// !$*UTF8*$!
{
	archiveVersion = 1;
	classes = {
	};
	objectVersion = 50;
	objects = {

/* Begin PBXBuildFile section */
		BCD4B20924DF36C800636E7D /* AppDelegate.swift in Sources */ = {isa = PBXBuildFile; fileRef = BCD4B20824DF36C800636E7D /* AppDelegate.swift */; };
		BCD4B20B24DF36C800636E7D /* SceneDelegate.swift in Sources */ = {isa = PBXBuildFile; fileRef = BCD4B20A24DF36C800636E7D /* SceneDelegate.swift */; };
		BCD4B20D24DF36C800636E7D /* ViewController.swift in Sources */ = {isa = PBXBuildFile; fileRef = BCD4B20C24DF36C800636E7D /* ViewController.swift */; };
		BCD4B21024DF36C800636E7D /* Main.storyboard in Resources */ = {isa = PBXBuildFile; fileRef = BCD4B20E24DF36C800636E7D /* Main.storyboard */; };
		BCD4B21224DF36CA00636E7D /* Assets.xcassets in Resources */ = {isa = PBXBuildFile; fileRef = BCD4B21124DF36CA00636E7D /* Assets.xcassets */; };
		BCD4B21524DF36CA00636E7D /* LaunchScreen.storyboard in Resources */ = {isa = PBXBuildFile; fileRef = BCD4B21324DF36CA00636E7D /* LaunchScreen.storyboard */; };
/* End PBXBuildFile section */

/* Begin PBXFileReference section */
		BCD4B20524DF36C800636E7D /* How-To-Scan-A-Barcode.app */ = {isa = PBXFileReference; explicitFileType = wrapper.application; includeInIndex = 0; path = "How-To-Scan-A-Barcode.app"; sourceTree = BUILT_PRODUCTS_DIR; };
		BCD4B20824DF36C800636E7D /* AppDelegate.swift */ = {isa = PBXFileReference; lastKnownFileType = sourcecode.swift; path = AppDelegate.swift; sourceTree = "<group>"; };
		BCD4B20A24DF36C800636E7D /* SceneDelegate.swift */ = {isa = PBXFileReference; lastKnownFileType = sourcecode.swift; path = SceneDelegate.swift; sourceTree = "<group>"; };
		BCD4B20C24DF36C800636E7D /* ViewController.swift */ = {isa = PBXFileReference; lastKnownFileType = sourcecode.swift; path = ViewController.swift; sourceTree = "<group>"; };
		BCD4B20F24DF36C800636E7D /* Base */ = {isa = PBXFileReference; lastKnownFileType = file.storyboard; name = Base; path = Base.lproj/Main.storyboard; sourceTree = "<group>"; };
		BCD4B21124DF36CA00636E7D /* Assets.xcassets */ = {isa = PBXFileReference; lastKnownFileType = folder.assetcatalog; path = Assets.xcassets; sourceTree = "<group>"; };
		BCD4B21424DF36CA00636E7D /* Base */ = {isa = PBXFileReference; lastKnownFileType = file.storyboard; name = Base; path = Base.lproj/LaunchScreen.storyboard; sourceTree = "<group>"; };
		BCD4B21624DF36CA00636E7D /* Info.plist */ = {isa = PBXFileReference; lastKnownFileType = text.plist.xml; path = Info.plist; sourceTree = "<group>"; };
/* End PBXFileReference section */

/* Begin PBXFrameworksBuildPhase section */
		BCD4B20224DF36C800636E7D /* Frameworks */ = {
			isa = PBXFrameworksBuildPhase;
			buildActionMask = 2147483647;
			files = (
			);
			runOnlyForDeploymentPostprocessing = 0;
		};
/* End PBXFrameworksBuildPhase section */

/* Begin PBXGroup section */
		BCD4B1FC24DF36C800636E7D = {
			isa = PBXGroup;
			children = (
				BCD4B20724DF36C800636E7D /* How-To-Scan-A-Barcode */,
				BCD4B20624DF36C800636E7D /* Products */,
			);
			sourceTree = "<group>";
		};
		BCD4B20624DF36C800636E7D /* Products */ = {
			isa = PBXGroup;
			children = (
				BCD4B20524DF36C800636E7D /* How-To-Scan-A-Barcode.app */,
			);
			name = Products;
			sourceTree = "<group>";
		};
		BCD4B20724DF36C800636E7D /* How-To-Scan-A-Barcode */ = {
			isa = PBXGroup;
			children = (
				BCD4B20824DF36C800636E7D /* AppDelegate.swift */,
				BCD4B20A24DF36C800636E7D /* SceneDelegate.swift */,
				BCD4B20C24DF36C800636E7D /* ViewController.swift */,
				BCD4B20E24DF36C800636E7D /* Main.storyboard */,
				BCD4B21124DF36CA00636E7D /* Assets.xcassets */,
				BCD4B21324DF36CA00636E7D /* LaunchScreen.storyboard */,
				BCD4B21624DF36CA00636E7D /* Info.plist */,
			);
			path = "How-To-Scan-A-Barcode";
			sourceTree = "<group>";
		};
/* End PBXGroup section */

/* Begin PBXNativeTarget section */
		BCD4B20424DF36C800636E7D /* How-To-Scan-A-Barcode */ = {
			isa = PBXNativeTarget;
			buildConfigurationList = BCD4B21924DF36CA00636E7D /* Build configuration list for PBXNativeTarget "How-To-Scan-A-Barcode" */;
			buildPhases = (
				BCD4B20124DF36C800636E7D /* Sources */,
				BCD4B20224DF36C800636E7D /* Frameworks */,
				BCD4B20324DF36C800636E7D /* Resources */,
			);
			buildRules = (
			);
			dependencies = (
			);
			name = "How-To-Scan-A-Barcode";
			productName = "How-To-Scan-A-Barcode";
			productReference = BCD4B20524DF36C800636E7D /* How-To-Scan-A-Barcode.app */;
			productType = "com.apple.product-type.application";
		};
/* End PBXNativeTarget section */

/* Begin PBXProject section */
		BCD4B1FD24DF36C800636E7D /* Project object */ = {
			isa = PBXProject;
			attributes = {
				LastSwiftUpdateCheck = 1150;
				LastUpgradeCheck = 1150;
				ORGANIZATIONNAME = "Thomas Kellough";
				TargetAttributes = {
					BCD4B20424DF36C800636E7D = {
						CreatedOnToolsVersion = 11.5;
					};
				};
			};
			buildConfigurationList = BCD4B20024DF36C800636E7D /* Build configuration list for PBXProject "How-To-Scan-A-Barcode" */;
			compatibilityVersion = "Xcode 9.3";
			developmentRegion = en;
			hasScannedForEncodings = 0;
			knownRegions = (
				en,
				Base,
			);
			mainGroup = BCD4B1FC24DF36C800636E7D;
			productRefGroup = BCD4B20624DF36C800636E7D /* Products */;
			projectDirPath = "";
			projectRoot = "";
			targets = (
				BCD4B20424DF36C800636E7D /* How-To-Scan-A-Barcode */,
			);
		};
/* End PBXProject section */

/* Begin PBXResourcesBuildPhase section */
		BCD4B20324DF36C800636E7D /* Resources */ = {
			isa = PBXResourcesBuildPhase;
			buildActionMask = 2147483647;
			files = (
				BCD4B21524DF36CA00636E7D /* LaunchScreen.storyboard in Resources */,
				BCD4B21224DF36CA00636E7D /* Assets.xcassets in Resources */,
				BCD4B21024DF36C800636E7D /* Main.storyboard in Resources */,
			);
			runOnlyForDeploymentPostprocessing = 0;
		};
/* End PBXResourcesBuildPhase section */

/* Begin PBXSourcesBuildPhase section */
		BCD4B20124DF36C800636E7D /* Sources */ = {
			isa = PBXSourcesBuildPhase;
			buildActionMask = 2147483647;
			files = (
				BCD4B20D24DF36C800636E7D /* ViewController.swift in Sources */,
				BCD4B20924DF36C800636E7D /* AppDelegate.swift in Sources */,
				BCD4B20B24DF36C800636E7D /* SceneDelegate.swift in Sources */,
			);
			runOnlyForDeploymentPostprocessing = 0;
		};
/* End PBXSourcesBuildPhase section */

/* Begin PBXVariantGroup section */
		BCD4B20E24DF36C800636E7D /* Main.storyboard */ = {
			isa = PBXVariantGroup;
			children = (
				BCD4B20F24DF36C800636E7D /* Base */,
			);
			name = Main.storyboard;
			sourceTree = "<group>";
		};
		BCD4B21324DF36CA00636E7D /* LaunchScreen.storyboard */ = {
			isa = PBXVariantGroup;
			children = (
				BCD4B21424DF36CA00636E7D /* Base */,
			);
			name = LaunchScreen.storyboard;
			sourceTree = "<group>";
		};
/* End PBXVariantGroup section */

/* Begin XCBuildConfiguration section */
		BCD4B21724DF36CA00636E7D /* Debug */ = {
			isa = XCBuildConfiguration;
			buildSettings = {
				ALWAYS_SEARCH_USER_PATHS = NO;
				CLANG_ANALYZER_NONNULL = YES;
				CLANG_ANALYZER_NUMBER_OBJECT_CONVERSION = YES_AGGRESSIVE;
				CLANG_CXX_LANGUAGE_STANDARD = "gnu++14";
				CLANG_CXX_LIBRARY = "libc++";
				CLANG_ENABLE_MODULES = YES;
				CLANG_ENABLE_OBJC_ARC = YES;
				CLANG_ENABLE_OBJC_WEAK = YES;
				CLANG_WARN_BLOCK_CAPTURE_AUTORELEASING = YES;
				CLANG_WARN_BOOL_CONVERSION = YES;
				CLANG_WARN_COMMA = YES;
				CLANG_WARN_CONSTANT_CONVERSION = YES;
				CLANG_WARN_DEPRECATED_OBJC_IMPLEMENTATIONS = YES;
				CLANG_WARN_DIRECT_OBJC_ISA_USAGE = YES_ERROR;
				CLANG_WARN_DOCUMENTATION_COMMENTS = YES;
				CLANG_WARN_EMPTY_BODY = YES;
				CLANG_WARN_ENUM_CONVERSION = YES;
				CLANG_WARN_INFINITE_RECURSION = YES;
				CLANG_WARN_INT_CONVERSION = YES;
				CLANG_WARN_NON_LITERAL_NULL_CONVERSION = YES;
				CLANG_WARN_OBJC_IMPLICIT_RETAIN_SELF = YES;
				CLANG_WARN_OBJC_LITERAL_CONVERSION = YES;
				CLANG_WARN_OBJC_ROOT_CLASS = YES_ERROR;
				CLANG_WARN_RANGE_LOOP_ANALYSIS = YES;
				CLANG_WARN_STRICT_PROTOTYPES = YES;
				CLANG_WARN_SUSPICIOUS_MOVE = YES;
				CLANG_WARN_UNGUARDED_AVAILABILITY = YES_AGGRESSIVE;
				CLANG_WARN_UNREACHABLE_CODE = YES;
				CLANG_WARN__DUPLICATE_METHOD_MATCH = YES;
				COPY_PHASE_STRIP = NO;
				DEBUG_INFORMATION_FORMAT = dwarf;
				ENABLE_STRICT_OBJC_MSGSEND = YES;
				ENABLE_TESTABILITY = YES;
				GCC_C_LANGUAGE_STANDARD = gnu11;
				GCC_DYNAMIC_NO_PIC = NO;
				GCC_NO_COMMON_BLOCKS = YES;
				GCC_OPTIMIZATION_LEVEL = 0;
				GCC_PREPROCESSOR_DEFINITIONS = (
					"DEBUG=1",
					"$(inherited)",
				);
				GCC_WARN_64_TO_32_BIT_CONVERSION = YES;
				GCC_WARN_ABOUT_RETURN_TYPE = YES_ERROR;
				GCC_WARN_UNDECLARED_SELECTOR = YES;
				GCC_WARN_UNINITIALIZED_AUTOS = YES_AGGRESSIVE;
				GCC_WARN_UNUSED_FUNCTION = YES;
				GCC_WARN_UNUSED_VARIABLE = YES;
				IPHONEOS_DEPLOYMENT_TARGET = 13.5;
				MTL_ENABLE_DEBUG_INFO = INCLUDE_SOURCE;
				MTL_FAST_MATH = YES;
				ONLY_ACTIVE_ARCH = YES;
				SDKROOT = iphoneos;
				SWIFT_ACTIVE_COMPILATION_CONDITIONS = DEBUG;
				SWIFT_OPTIMIZATION_LEVEL = "-Onone";
			};
			name = Debug;
		};
		BCD4B21824DF36CA00636E7D /* Release */ = {
			isa = XCBuildConfiguration;
			buildSettings = {
				ALWAYS_SEARCH_USER_PATHS = NO;
				CLANG_ANALYZER_NONNULL = YES;
				CLANG_ANALYZER_NUMBER_OBJECT_CONVERSION = YES_AGGRESSIVE;
				CLANG_CXX_LANGUAGE_STANDARD = "gnu++14";
				CLANG_CXX_LIBRARY = "libc++";
				CLANG_ENABLE_MODULES = YES;
				CLANG_ENABLE_OBJC_ARC = YES;
				CLANG_ENABLE_OBJC_WEAK = YES;
				CLANG_WARN_BLOCK_CAPTURE_AUTORELEASING = YES;
				CLANG_WARN_BOOL_CONVERSION = YES;
				CLANG_WARN_COMMA = YES;
				CLANG_WARN_CONSTANT_CONVERSION = YES;
				CLANG_WARN_DEPRECATED_OBJC_IMPLEMENTATIONS = YES;
				CLANG_WARN_DIRECT_OBJC_ISA_USAGE = YES_ERROR;
				CLANG_WARN_DOCUMENTATION_COMMENTS = YES;
				CLANG_WARN_EMPTY_BODY = YES;
				CLANG_WARN_ENUM_CONVERSION = YES;
				CLANG_WARN_INFINITE_RECURSION = YES;
				CLANG_WARN_INT_CONVERSION = YES;
				CLANG_WARN_NON_LITERAL_NULL_CONVERSION = YES;
				CLANG_WARN_OBJC_IMPLICIT_RETAIN_SELF = YES;
				CLANG_WARN_OBJC_LITERAL_CONVERSION = YES;
				CLANG_WARN_OBJC_ROOT_CLASS = YES_ERROR;
				CLANG_WARN_RANGE_LOOP_ANALYSIS = YES;
				CLANG_WARN_STRICT_PROTOTYPES = YES;
				CLANG_WARN_SUSPICIOUS_MOVE = YES;
				CLANG_WARN_UNGUARDED_AVAILABILITY = YES_AGGRESSIVE;
				CLANG_WARN_UNREACHABLE_CODE = YES;
				CLANG_WARN__DUPLICATE_METHOD_MATCH = YES;
				COPY_PHASE_STRIP = NO;
				DEBUG_INFORMATION_FORMAT = "dwarf-with-dsym";
				ENABLE_NS_ASSERTIONS = NO;
				ENABLE_STRICT_OBJC_MSGSEND = YES;
				GCC_C_LANGUAGE_STANDARD = gnu11;
				GCC_NO_COMMON_BLOCKS = YES;
				GCC_WARN_64_TO_32_BIT_CONVERSION = YES;
				GCC_WARN_ABOUT_RETURN_TYPE = YES_ERROR;
				GCC_WARN_UNDECLARED_SELECTOR = YES;
				GCC_WARN_UNINITIALIZED_AUTOS = YES_AGGRESSIVE;
				GCC_WARN_UNUSED_FUNCTION = YES;
				GCC_WARN_UNUSED_VARIABLE = YES;
				IPHONEOS_DEPLOYMENT_TARGET = 13.5;
				MTL_ENABLE_DEBUG_INFO = NO;
				MTL_FAST_MATH = YES;
				SDKROOT = iphoneos;
				SWIFT_COMPILATION_MODE = wholemodule;
				SWIFT_OPTIMIZATION_LEVEL = "-O";
				VALIDATE_PRODUCT = YES;
			};
			name = Release;
		};
		BCD4B21A24DF36CA00636E7D /* Debug */ = {
			isa = XCBuildConfiguration;
			buildSettings = {
				ASSETCATALOG_COMPILER_APPICON_NAME = AppIcon;
				CODE_SIGN_STYLE = Automatic;
				DEVELOPMENT_TEAM = GMC4Z3BP4Y;
				INFOPLIST_FILE = "How-To-Scan-A-Barcode/Info.plist";
				LD_RUNPATH_SEARCH_PATHS = (
					"$(inherited)",
					"@executable_path/Frameworks",
				);
				PRODUCT_BUNDLE_IDENTIFIER = "com.kellough.How-To-Scan-A-Barcode";
				PRODUCT_NAME = "$(TARGET_NAME)";
				SWIFT_VERSION = 5.0;
				TARGETED_DEVICE_FAMILY = "1,2";
			};
			name = Debug;
		};
		BCD4B21B24DF36CA00636E7D /* Release */ = {
			isa = XCBuildConfiguration;
			buildSettings = {
				ASSETCATALOG_COMPILER_APPICON_NAME = AppIcon;
				CODE_SIGN_STYLE = Automatic;
				DEVELOPMENT_TEAM = GMC4Z3BP4Y;
				INFOPLIST_FILE = "How-To-Scan-A-Barcode/Info.plist";
				LD_RUNPATH_SEARCH_PATHS = (
					"$(inherited)",
					"@executable_path/Frameworks",
				);
				PRODUCT_BUNDLE_IDENTIFIER = "com.kellough.How-To-Scan-A-Barcode";
				PRODUCT_NAME = "$(TARGET_NAME)";
				SWIFT_VERSION = 5.0;
				TARGETED_DEVICE_FAMILY = "1,2";
			};
			name = Release;
		};
/* End XCBuildConfiguration section */

/* Begin XCConfigurationList section */
		BCD4B20024DF36C800636E7D /* Build configuration list for PBXProject "How-To-Scan-A-Barcode" */ = {
			isa = XCConfigurationList;
			buildConfigurations = (
				BCD4B21724DF36CA00636E7D /* Debug */,
				BCD4B21824DF36CA00636E7D /* Release */,
			);
			defaultConfigurationIsVisible = 0;
			defaultConfigurationName = Release;
		};
		BCD4B21924DF36CA00636E7D /* Build configuration list for PBXNativeTarget "How-To-Scan-A-Barcode" */ = {
			isa = XCConfigurationList;
			buildConfigurations = (
				BCD4B21A24DF36CA00636E7D /* Debug */,
				BCD4B21B24DF36CA00636E7D /* Release */,
			);
			defaultConfigurationIsVisible = 0;
			defaultConfigurationName = Release;
		};
/* End XCConfigurationList section */
	};
	rootObject = BCD4B1FD24DF36C800636E7D /* Project object */;
}
