// !$*UTF8*$!
{
	archiveVersion = 1;
	classes = {
	};
	objectVersion = 50;
	objects = {

/* Begin PBXBuildFile section */
		BC384E6924C7913000B30F3E /* ScannerViewController.swift in Sources */ = {isa = PBXBuildFile; fileRef = BC384E6824C7913000B30F3E /* ScannerViewController.swift */; };
		BCB180E424C781C200397D70 /* AppDelegate.swift in Sources */ = {isa = PBXBuildFile; fileRef = BCB180E324C781C200397D70 /* AppDelegate.swift */; };
		BCB180E624C781C200397D70 /* SceneDelegate.swift in Sources */ = {isa = PBXBuildFile; fileRef = BCB180E524C781C200397D70 /* SceneDelegate.swift */; };
		BCB180E824C781C200397D70 /* ViewController.swift in Sources */ = {isa = PBXBuildFile; fileRef = BCB180E724C781C200397D70 /* ViewController.swift */; };
		BCB180EB24C781C200397D70 /* Main.storyboard in Resources */ = {isa = PBXBuildFile; fileRef = BCB180E924C781C200397D70 /* Main.storyboard */; };
		BCB180ED24C781C400397D70 /* Assets.xcassets in Resources */ = {isa = PBXBuildFile; fileRef = BCB180EC24C781C400397D70 /* Assets.xcassets */; };
		BCB180F024C781C400397D70 /* LaunchScreen.storyboard in Resources */ = {isa = PBXBuildFile; fileRef = BCB180EE24C781C400397D70 /* LaunchScreen.storyboard */; };
/* End PBXBuildFile section */

/* Begin PBXFileReference section */
		BC384E6824C7913000B30F3E /* ScannerViewController.swift */ = {isa = PBXFileReference; lastKnownFileType = sourcecode.swift; path = ScannerViewController.swift; sourceTree = "<group>"; };
		BCB180E024C781C200397D70 /* How-To-Scan-A-Barcode.app */ = {isa = PBXFileReference; explicitFileType = wrapper.application; includeInIndex = 0; path = "How-To-Scan-A-Barcode.app"; sourceTree = BUILT_PRODUCTS_DIR; };
		BCB180E324C781C200397D70 /* AppDelegate.swift */ = {isa = PBXFileReference; lastKnownFileType = sourcecode.swift; path = AppDelegate.swift; sourceTree = "<group>"; };
		BCB180E524C781C200397D70 /* SceneDelegate.swift */ = {isa = PBXFileReference; lastKnownFileType = sourcecode.swift; path = SceneDelegate.swift; sourceTree = "<group>"; };
		BCB180E724C781C200397D70 /* ViewController.swift */ = {isa = PBXFileReference; lastKnownFileType = sourcecode.swift; path = ViewController.swift; sourceTree = "<group>"; };
		BCB180EA24C781C200397D70 /* Base */ = {isa = PBXFileReference; lastKnownFileType = file.storyboard; name = Base; path = Base.lproj/Main.storyboard; sourceTree = "<group>"; };
		BCB180EC24C781C400397D70 /* Assets.xcassets */ = {isa = PBXFileReference; lastKnownFileType = folder.assetcatalog; path = Assets.xcassets; sourceTree = "<group>"; };
		BCB180EF24C781C400397D70 /* Base */ = {isa = PBXFileReference; lastKnownFileType = file.storyboard; name = Base; path = Base.lproj/LaunchScreen.storyboard; sourceTree = "<group>"; };
		BCB180F124C781C400397D70 /* Info.plist */ = {isa = PBXFileReference; lastKnownFileType = text.plist.xml; path = Info.plist; sourceTree = "<group>"; };
/* End PBXFileReference section */

/* Begin PBXFrameworksBuildPhase section */
		BCB180DD24C781C200397D70 /* Frameworks */ = {
			isa = PBXFrameworksBuildPhase;
			buildActionMask = 2147483647;
			files = (
			);
			runOnlyForDeploymentPostprocessing = 0;
		};
/* End PBXFrameworksBuildPhase section */

/* Begin PBXGroup section */
		BCB180D724C781C200397D70 = {
			isa = PBXGroup;
			children = (
				BCB180E224C781C200397D70 /* How-To-Scan-A-Barcode */,
				BCB180E124C781C200397D70 /* Products */,
			);
			sourceTree = "<group>";
		};
		BCB180E124C781C200397D70 /* Products */ = {
			isa = PBXGroup;
			children = (
				BCB180E024C781C200397D70 /* How-To-Scan-A-Barcode.app */,
			);
			name = Products;
			sourceTree = "<group>";
		};
		BCB180E224C781C200397D70 /* How-To-Scan-A-Barcode */ = {
			isa = PBXGroup;
			children = (
				BCB180E324C781C200397D70 /* AppDelegate.swift */,
				BCB180E524C781C200397D70 /* SceneDelegate.swift */,
				BCB180E724C781C200397D70 /* ViewController.swift */,
				BCB180E924C781C200397D70 /* Main.storyboard */,
				BCB180EC24C781C400397D70 /* Assets.xcassets */,
				BCB180EE24C781C400397D70 /* LaunchScreen.storyboard */,
				BCB180F124C781C400397D70 /* Info.plist */,
				BC384E6824C7913000B30F3E /* ScannerViewController.swift */,
			);
			path = "How-To-Scan-A-Barcode";
			sourceTree = "<group>";
		};
/* End PBXGroup section */

/* Begin PBXNativeTarget section */
		BCB180DF24C781C200397D70 /* How-To-Scan-A-Barcode */ = {
			isa = PBXNativeTarget;
			buildConfigurationList = BCB180F424C781C400397D70 /* Build configuration list for PBXNativeTarget "How-To-Scan-A-Barcode" */;
			buildPhases = (
				BCB180DC24C781C200397D70 /* Sources */,
				BCB180DD24C781C200397D70 /* Frameworks */,
				BCB180DE24C781C200397D70 /* Resources */,
			);
			buildRules = (
			);
			dependencies = (
			);
			name = "How-To-Scan-A-Barcode";
			productName = "How-To-Scan-A-Barcode";
			productReference = BCB180E024C781C200397D70 /* How-To-Scan-A-Barcode.app */;
			productType = "com.apple.product-type.application";
		};
/* End PBXNativeTarget section */

/* Begin PBXProject section */
		BCB180D824C781C200397D70 /* Project object */ = {
			isa = PBXProject;
			attributes = {
				LastSwiftUpdateCheck = 1150;
				LastUpgradeCheck = 1150;
				ORGANIZATIONNAME = "Thomas Kellough";
				TargetAttributes = {
					BCB180DF24C781C200397D70 = {
						CreatedOnToolsVersion = 11.5;
					};
				};
			};
			buildConfigurationList = BCB180DB24C781C200397D70 /* Build configuration list for PBXProject "How-To-Scan-A-Barcode" */;
			compatibilityVersion = "Xcode 9.3";
			developmentRegion = en;
			hasScannedForEncodings = 0;
			knownRegions = (
				en,
				Base,
			);
			mainGroup = BCB180D724C781C200397D70;
			productRefGroup = BCB180E124C781C200397D70 /* Products */;
			projectDirPath = "";
			projectRoot = "";
			targets = (
				BCB180DF24C781C200397D70 /* How-To-Scan-A-Barcode */,
			);
		};
/* End PBXProject section */

/* Begin PBXResourcesBuildPhase section */
		BCB180DE24C781C200397D70 /* Resources */ = {
			isa = PBXResourcesBuildPhase;
			buildActionMask = 2147483647;
			files = (
				BCB180F024C781C400397D70 /* LaunchScreen.storyboard in Resources */,
				BCB180ED24C781C400397D70 /* Assets.xcassets in Resources */,
				BCB180EB24C781C200397D70 /* Main.storyboard in Resources */,
			);
			runOnlyForDeploymentPostprocessing = 0;
		};
/* End PBXResourcesBuildPhase section */

/* Begin PBXSourcesBuildPhase section */
		BCB180DC24C781C200397D70 /* Sources */ = {
			isa = PBXSourcesBuildPhase;
			buildActionMask = 2147483647;
			files = (
				BCB180E824C781C200397D70 /* ViewController.swift in Sources */,
				BCB180E424C781C200397D70 /* AppDelegate.swift in Sources */,
				BCB180E624C781C200397D70 /* SceneDelegate.swift in Sources */,
				BC384E6924C7913000B30F3E /* ScannerViewController.swift in Sources */,
			);
			runOnlyForDeploymentPostprocessing = 0;
		};
/* End PBXSourcesBuildPhase section */

/* Begin PBXVariantGroup section */
		BCB180E924C781C200397D70 /* Main.storyboard */ = {
			isa = PBXVariantGroup;
			children = (
				BCB180EA24C781C200397D70 /* Base */,
			);
			name = Main.storyboard;
			sourceTree = "<group>";
		};
		BCB180EE24C781C400397D70 /* LaunchScreen.storyboard */ = {
			isa = PBXVariantGroup;
			children = (
				BCB180EF24C781C400397D70 /* Base */,
			);
			name = LaunchScreen.storyboard;
			sourceTree = "<group>";
		};
/* End PBXVariantGroup section */

/* Begin XCBuildConfiguration section */
		BCB180F224C781C400397D70 /* Debug */ = {
			isa = XCBuildConfiguration;
			buildSettings = {
				ALWAYS_SEARCH_USER_PATHS = NO;
				CLANG_ANALYZER_NONNULL = YES;
				CLANG_ANALYZER_NUMBER_OBJECT_CONVERSION = YES_AGGRESSIVE;
				CLANG_CXX_LANGUAGE_STANDARD = "gnu++14";
				CLANG_CXX_LIBRARY = "libc++";
				CLANG_ENABLE_MODULES = YES;
				CLANG_ENABLE_OBJC_ARC = YES;
				CLANG_ENABLE_OBJC_WEAK = YES;
				CLANG_WARN_BLOCK_CAPTURE_AUTORELEASING = YES;
				CLANG_WARN_BOOL_CONVERSION = YES;
				CLANG_WARN_COMMA = YES;
				CLANG_WARN_CONSTANT_CONVERSION = YES;
				CLANG_WARN_DEPRECATED_OBJC_IMPLEMENTATIONS = YES;
				CLANG_WARN_DIRECT_OBJC_ISA_USAGE = YES_ERROR;
				CLANG_WARN_DOCUMENTATION_COMMENTS = YES;
				CLANG_WARN_EMPTY_BODY = YES;
				CLANG_WARN_ENUM_CONVERSION = YES;
				CLANG_WARN_INFINITE_RECURSION = YES;
				CLANG_WARN_INT_CONVERSION = YES;
				CLANG_WARN_NON_LITERAL_NULL_CONVERSION = YES;
				CLANG_WARN_OBJC_IMPLICIT_RETAIN_SELF = YES;
				CLANG_WARN_OBJC_LITERAL_CONVERSION = YES;
				CLANG_WARN_OBJC_ROOT_CLASS = YES_ERROR;
				CLANG_WARN_RANGE_LOOP_ANALYSIS = YES;
				CLANG_WARN_STRICT_PROTOTYPES = YES;
				CLANG_WARN_SUSPICIOUS_MOVE = YES;
				CLANG_WARN_UNGUARDED_AVAILABILITY = YES_AGGRESSIVE;
				CLANG_WARN_UNREACHABLE_CODE = YES;
				CLANG_WARN__DUPLICATE_METHOD_MATCH = YES;
				COPY_PHASE_STRIP = NO;
				DEBUG_INFORMATION_FORMAT = dwarf;
				ENABLE_STRICT_OBJC_MSGSEND = YES;
				ENABLE_TESTABILITY = YES;
				GCC_C_LANGUAGE_STANDARD = gnu11;
				GCC_DYNAMIC_NO_PIC = NO;
				GCC_NO_COMMON_BLOCKS = YES;
				GCC_OPTIMIZATION_LEVEL = 0;
				GCC_PREPROCESSOR_DEFINITIONS = (
					"DEBUG=1",
					"$(inherited)",
				);
				GCC_WARN_64_TO_32_BIT_CONVERSION = YES;
				GCC_WARN_ABOUT_RETURN_TYPE = YES_ERROR;
				GCC_WARN_UNDECLARED_SELECTOR = YES;
				GCC_WARN_UNINITIALIZED_AUTOS = YES_AGGRESSIVE;
				GCC_WARN_UNUSED_FUNCTION = YES;
				GCC_WARN_UNUSED_VARIABLE = YES;
				IPHONEOS_DEPLOYMENT_TARGET = 13.5;
				MTL_ENABLE_DEBUG_INFO = INCLUDE_SOURCE;
				MTL_FAST_MATH = YES;
				ONLY_ACTIVE_ARCH = YES;
				SDKROOT = iphoneos;
				SWIFT_ACTIVE_COMPILATION_CONDITIONS = DEBUG;
				SWIFT_OPTIMIZATION_LEVEL = "-Onone";
			};
			name = Debug;
		};
		BCB180F324C781C400397D70 /* Release */ = {
			isa = XCBuildConfiguration;
			buildSettings = {
				ALWAYS_SEARCH_USER_PATHS = NO;
				CLANG_ANALYZER_NONNULL = YES;
				CLANG_ANALYZER_NUMBER_OBJECT_CONVERSION = YES_AGGRESSIVE;
				CLANG_CXX_LANGUAGE_STANDARD = "gnu++14";
				CLANG_CXX_LIBRARY = "libc++";
				CLANG_ENABLE_MODULES = YES;
				CLANG_ENABLE_OBJC_ARC = YES;
				CLANG_ENABLE_OBJC_WEAK = YES;
				CLANG_WARN_BLOCK_CAPTURE_AUTORELEASING = YES;
				CLANG_WARN_BOOL_CONVERSION = YES;
				CLANG_WARN_COMMA = YES;
				CLANG_WARN_CONSTANT_CONVERSION = YES;
				CLANG_WARN_DEPRECATED_OBJC_IMPLEMENTATIONS = YES;
				CLANG_WARN_DIRECT_OBJC_ISA_USAGE = YES_ERROR;
				CLANG_WARN_DOCUMENTATION_COMMENTS = YES;
				CLANG_WARN_EMPTY_BODY = YES;
				CLANG_WARN_ENUM_CONVERSION = YES;
				CLANG_WARN_INFINITE_RECURSION = YES;
				CLANG_WARN_INT_CONVERSION = YES;
				CLANG_WARN_NON_LITERAL_NULL_CONVERSION = YES;
				CLANG_WARN_OBJC_IMPLICIT_RETAIN_SELF = YES;
				CLANG_WARN_OBJC_LITERAL_CONVERSION = YES;
				CLANG_WARN_OBJC_ROOT_CLASS = YES_ERROR;
				CLANG_WARN_RANGE_LOOP_ANALYSIS = YES;
				CLANG_WARN_STRICT_PROTOTYPES = YES;
				CLANG_WARN_SUSPICIOUS_MOVE = YES;
				CLANG_WARN_UNGUARDED_AVAILABILITY = YES_AGGRESSIVE;
				CLANG_WARN_UNREACHABLE_CODE = YES;
				CLANG_WARN__DUPLICATE_METHOD_MATCH = YES;
				COPY_PHASE_STRIP = NO;
				DEBUG_INFORMATION_FORMAT = "dwarf-with-dsym";
				ENABLE_NS_ASSERTIONS = NO;
				ENABLE_STRICT_OBJC_MSGSEND = YES;
				GCC_C_LANGUAGE_STANDARD = gnu11;
				GCC_NO_COMMON_BLOCKS = YES;
				GCC_WARN_64_TO_32_BIT_CONVERSION = YES;
				GCC_WARN_ABOUT_RETURN_TYPE = YES_ERROR;
				GCC_WARN_UNDECLARED_SELECTOR = YES;
				GCC_WARN_UNINITIALIZED_AUTOS = YES_AGGRESSIVE;
				GCC_WARN_UNUSED_FUNCTION = YES;
				GCC_WARN_UNUSED_VARIABLE = YES;
				IPHONEOS_DEPLOYMENT_TARGET = 13.5;
				MTL_ENABLE_DEBUG_INFO = NO;
				MTL_FAST_MATH = YES;
				SDKROOT = iphoneos;
				SWIFT_COMPILATION_MODE = wholemodule;
				SWIFT_OPTIMIZATION_LEVEL = "-O";
				VALIDATE_PRODUCT = YES;
			};
			name = Release;
		};
		BCB180F524C781C400397D70 /* Debug */ = {
			isa = XCBuildConfiguration;
			buildSettings = {
				ASSETCATALOG_COMPILER_APPICON_NAME = AppIcon;
				CODE_SIGN_STYLE = Automatic;
				DEVELOPMENT_TEAM = GMC4Z3BP4Y;
				INFOPLIST_FILE = "How-To-Scan-A-Barcode/Info.plist";
				LD_RUNPATH_SEARCH_PATHS = (
					"$(inherited)",
					"@executable_path/Frameworks",
				);
				PRODUCT_BUNDLE_IDENTIFIER = "com.kellough.How-To-Scan-A-Barcode";
				PRODUCT_NAME = "$(TARGET_NAME)";
				SWIFT_VERSION = 5.0;
				TARGETED_DEVICE_FAMILY = "1,2";
			};
			name = Debug;
		};
		BCB180F624C781C400397D70 /* Release */ = {
			isa = XCBuildConfiguration;
			buildSettings = {
				ASSETCATALOG_COMPILER_APPICON_NAME = AppIcon;
				CODE_SIGN_STYLE = Automatic;
				DEVELOPMENT_TEAM = GMC4Z3BP4Y;
				INFOPLIST_FILE = "How-To-Scan-A-Barcode/Info.plist";
				LD_RUNPATH_SEARCH_PATHS = (
					"$(inherited)",
					"@executable_path/Frameworks",
				);
				PRODUCT_BUNDLE_IDENTIFIER = "com.kellough.How-To-Scan-A-Barcode";
				PRODUCT_NAME = "$(TARGET_NAME)";
				SWIFT_VERSION = 5.0;
				TARGETED_DEVICE_FAMILY = "1,2";
			};
			name = Release;
		};
/* End XCBuildConfiguration section */

/* Begin XCConfigurationList section */
		BCB180DB24C781C200397D70 /* Build configuration list for PBXProject "How-To-Scan-A-Barcode" */ = {
			isa = XCConfigurationList;
			buildConfigurations = (
				BCB180F224C781C400397D70 /* Debug */,
				BCB180F324C781C400397D70 /* Release */,
			);
			defaultConfigurationIsVisible = 0;
			defaultConfigurationName = Release;
		};
		BCB180F424C781C400397D70 /* Build configuration list for PBXNativeTarget "How-To-Scan-A-Barcode" */ = {
			isa = XCConfigurationList;
			buildConfigurations = (
				BCB180F524C781C400397D70 /* Debug */,
				BCB180F624C781C400397D70 /* Release */,
			);
			defaultConfigurationIsVisible = 0;
			defaultConfigurationName = Release;
		};
/* End XCConfigurationList section */
	};
	rootObject = BCB180D824C781C200397D70 /* Project object */;
}
