// !$*UTF8*$!
{
	archiveVersion = 1;
	classes = {
	};
	objectVersion = 51;
	objects = {

/* Begin PBXBuildFile section */
		BC582F9924F2C8E400F94D45 /* AppDelegate.swift in Sources */ = {isa = PBXBuildFile; fileRef = BC582F9824F2C8E400F94D45 /* AppDelegate.swift */; };
		BC582F9B24F2C8E400F94D45 /* SceneDelegate.swift in Sources */ = {isa = PBXBuildFile; fileRef = BC582F9A24F2C8E400F94D45 /* SceneDelegate.swift */; };
		BC582F9D24F2C8E400F94D45 /* ViewController.swift in Sources */ = {isa = PBXBuildFile; fileRef = BC582F9C24F2C8E400F94D45 /* ViewController.swift */; };
		BC582FA024F2C8E400F94D45 /* Main.storyboard in Resources */ = {isa = PBXBuildFile; fileRef = BC582F9E24F2C8E400F94D45 /* Main.storyboard */; };
		BC582FA224F2C8E500F94D45 /* Assets.xcassets in Resources */ = {isa = PBXBuildFile; fileRef = BC582FA124F2C8E500F94D45 /* Assets.xcassets */; };
		BC582FA524F2C8E500F94D45 /* LaunchScreen.storyboard in Resources */ = {isa = PBXBuildFile; fileRef = BC582FA324F2C8E500F94D45 /* LaunchScreen.storyboard */; };
		BC582FAD24F3123000F94D45 /* ADPOmodel.swift in Sources */ = {isa = PBXBuildFile; fileRef = BC582FAC24F3123000F94D45 /* ADPOmodel.swift */; };
		DAC5F8B3B544519E69792151 /* Pods_APOD.framework in Frameworks */ = {isa = PBXBuildFile; fileRef = F9D2C023D0DE67BE052FFF64 /* Pods_APOD.framework */; };
/* End PBXBuildFile section */

/* Begin PBXFileReference section */
		206343B3137DAED7BC3CD03A /* Pods-APOD.release.xcconfig */ = {isa = PBXFileReference; includeInIndex = 1; lastKnownFileType = text.xcconfig; name = "Pods-APOD.release.xcconfig"; path = "Target Support Files/Pods-APOD/Pods-APOD.release.xcconfig"; sourceTree = "<group>"; };
		5040F3BF64CBF9BC5AE060D8 /* Pods-APOD.debug.xcconfig */ = {isa = PBXFileReference; includeInIndex = 1; lastKnownFileType = text.xcconfig; name = "Pods-APOD.debug.xcconfig"; path = "Target Support Files/Pods-APOD/Pods-APOD.debug.xcconfig"; sourceTree = "<group>"; };
		BC582F9524F2C8E400F94D45 /* APOD.app */ = {isa = PBXFileReference; explicitFileType = wrapper.application; includeInIndex = 0; path = APOD.app; sourceTree = BUILT_PRODUCTS_DIR; };
		BC582F9824F2C8E400F94D45 /* AppDelegate.swift */ = {isa = PBXFileReference; lastKnownFileType = sourcecode.swift; path = AppDelegate.swift; sourceTree = "<group>"; };
		BC582F9A24F2C8E400F94D45 /* SceneDelegate.swift */ = {isa = PBXFileReference; lastKnownFileType = sourcecode.swift; path = SceneDelegate.swift; sourceTree = "<group>"; };
		BC582F9C24F2C8E400F94D45 /* ViewController.swift */ = {isa = PBXFileReference; lastKnownFileType = sourcecode.swift; path = ViewController.swift; sourceTree = "<group>"; };
		BC582F9F24F2C8E400F94D45 /* Base */ = {isa = PBXFileReference; lastKnownFileType = file.storyboard; name = Base; path = Base.lproj/Main.storyboard; sourceTree = "<group>"; };
		BC582FA124F2C8E500F94D45 /* Assets.xcassets */ = {isa = PBXFileReference; lastKnownFileType = folder.assetcatalog; path = Assets.xcassets; sourceTree = "<group>"; };
		BC582FA424F2C8E500F94D45 /* Base */ = {isa = PBXFileReference; lastKnownFileType = file.storyboard; name = Base; path = Base.lproj/LaunchScreen.storyboard; sourceTree = "<group>"; };
		BC582FA624F2C8E500F94D45 /* Info.plist */ = {isa = PBXFileReference; lastKnownFileType = text.plist.xml; path = Info.plist; sourceTree = "<group>"; };
		BC582FAC24F3123000F94D45 /* ADPOmodel.swift */ = {isa = PBXFileReference; lastKnownFileType = sourcecode.swift; path = ADPOmodel.swift; sourceTree = "<group>"; };
		F9D2C023D0DE67BE052FFF64 /* Pods_APOD.framework */ = {isa = PBXFileReference; explicitFileType = wrapper.framework; includeInIndex = 0; path = Pods_APOD.framework; sourceTree = BUILT_PRODUCTS_DIR; };
/* End PBXFileReference section */

/* Begin PBXFrameworksBuildPhase section */
		BC582F9224F2C8E400F94D45 /* Frameworks */ = {
			isa = PBXFrameworksBuildPhase;
			buildActionMask = 2147483647;
			files = (
				DAC5F8B3B544519E69792151 /* Pods_APOD.framework in Frameworks */,
			);
			runOnlyForDeploymentPostprocessing = 0;
		};
/* End PBXFrameworksBuildPhase section */

/* Begin PBXGroup section */
		32CC9B3BD6495C7F0DE5C110 /* Pods */ = {
			isa = PBXGroup;
			children = (
				5040F3BF64CBF9BC5AE060D8 /* Pods-APOD.debug.xcconfig */,
				206343B3137DAED7BC3CD03A /* Pods-APOD.release.xcconfig */,
			);
			path = Pods;
			sourceTree = "<group>";
		};
		8109032EBA57826CB333985A /* Frameworks */ = {
			isa = PBXGroup;
			children = (
				F9D2C023D0DE67BE052FFF64 /* Pods_APOD.framework */,
			);
			name = Frameworks;
			sourceTree = "<group>";
		};
		BC582F8C24F2C8E400F94D45 = {
			isa = PBXGroup;
			children = (
				BC582F9724F2C8E400F94D45 /* APOD */,
				BC582F9624F2C8E400F94D45 /* Products */,
				32CC9B3BD6495C7F0DE5C110 /* Pods */,
				8109032EBA57826CB333985A /* Frameworks */,
			);
			sourceTree = "<group>";
		};
		BC582F9624F2C8E400F94D45 /* Products */ = {
			isa = PBXGroup;
			children = (
				BC582F9524F2C8E400F94D45 /* APOD.app */,
			);
			name = Products;
			sourceTree = "<group>";
		};
		BC582F9724F2C8E400F94D45 /* APOD */ = {
			isa = PBXGroup;
			children = (
				BC582F9824F2C8E400F94D45 /* AppDelegate.swift */,
				BC582F9A24F2C8E400F94D45 /* SceneDelegate.swift */,
				BC582F9C24F2C8E400F94D45 /* ViewController.swift */,
				BC582F9E24F2C8E400F94D45 /* Main.storyboard */,
				BC582FA124F2C8E500F94D45 /* Assets.xcassets */,
				BC582FA324F2C8E500F94D45 /* LaunchScreen.storyboard */,
				BC582FA624F2C8E500F94D45 /* Info.plist */,
				BC582FAC24F3123000F94D45 /* ADPOmodel.swift */,
			);
			path = APOD;
			sourceTree = "<group>";
		};
/* End PBXGroup section */

/* Begin PBXNativeTarget section */
		BC582F9424F2C8E400F94D45 /* APOD */ = {
			isa = PBXNativeTarget;
			buildConfigurationList = BC582FA924F2C8E500F94D45 /* Build configuration list for PBXNativeTarget "APOD" */;
			buildPhases = (
				150FA4780AA4B77594EA457E /* [CP] Check Pods Manifest.lock */,
				BC582F9124F2C8E400F94D45 /* Sources */,
				BC582F9224F2C8E400F94D45 /* Frameworks */,
				BC582F9324F2C8E400F94D45 /* Resources */,
				5ABB3367811990D5E9D70E32 /* [CP] Embed Pods Frameworks */,
			);
			buildRules = (
			);
			dependencies = (
			);
			name = APOD;
			productName = APOD;
			productReference = BC582F9524F2C8E400F94D45 /* APOD.app */;
			productType = "com.apple.product-type.application";
		};
/* End PBXNativeTarget section */

/* Begin PBXProject section */
		BC582F8D24F2C8E400F94D45 /* Project object */ = {
			isa = PBXProject;
			attributes = {
				LastSwiftUpdateCheck = 1160;
				LastUpgradeCheck = 1160;
				ORGANIZATIONNAME = "Thomas Kellough";
				TargetAttributes = {
					BC582F9424F2C8E400F94D45 = {
						CreatedOnToolsVersion = 11.6;
					};
				};
			};
			buildConfigurationList = BC582F9024F2C8E400F94D45 /* Build configuration list for PBXProject "APOD" */;
			compatibilityVersion = "Xcode 9.3";
			developmentRegion = en;
			hasScannedForEncodings = 0;
			knownRegions = (
				en,
				Base,
			);
			mainGroup = BC582F8C24F2C8E400F94D45;
			productRefGroup = BC582F9624F2C8E400F94D45 /* Products */;
			projectDirPath = "";
			projectRoot = "";
			targets = (
				BC582F9424F2C8E400F94D45 /* APOD */,
			);
		};
/* End PBXProject section */

/* Begin PBXResourcesBuildPhase section */
		BC582F9324F2C8E400F94D45 /* Resources */ = {
			isa = PBXResourcesBuildPhase;
			buildActionMask = 2147483647;
			files = (
				BC582FA524F2C8E500F94D45 /* LaunchScreen.storyboard in Resources */,
				BC582FA224F2C8E500F94D45 /* Assets.xcassets in Resources */,
				BC582FA024F2C8E400F94D45 /* Main.storyboard in Resources */,
			);
			runOnlyForDeploymentPostprocessing = 0;
		};
/* End PBXResourcesBuildPhase section */

/* Begin PBXShellScriptBuildPhase section */
		150FA4780AA4B77594EA457E /* [CP] Check Pods Manifest.lock */ = {
			isa = PBXShellScriptBuildPhase;
			buildActionMask = 2147483647;
			files = (
			);
			inputFileListPaths = (
			);
			inputPaths = (
				"${PODS_PODFILE_DIR_PATH}/Podfile.lock",
				"${PODS_ROOT}/Manifest.lock",
			);
			name = "[CP] Check Pods Manifest.lock";
			outputFileListPaths = (
			);
			outputPaths = (
				"$(DERIVED_FILE_DIR)/Pods-APOD-checkManifestLockResult.txt",
			);
			runOnlyForDeploymentPostprocessing = 0;
			shellPath = /bin/sh;
			shellScript = "diff \"${PODS_PODFILE_DIR_PATH}/Podfile.lock\" \"${PODS_ROOT}/Manifest.lock\" > /dev/null\nif [ $? != 0 ] ; then\n    # print error to STDERR\n    echo \"error: The sandbox is not in sync with the Podfile.lock. Run 'pod install' or update your CocoaPods installation.\" >&2\n    exit 1\nfi\n# This output is used by Xcode 'outputs' to avoid re-running this script phase.\necho \"SUCCESS\" > \"${SCRIPT_OUTPUT_FILE_0}\"\n";
			showEnvVarsInLog = 0;
		};
		5ABB3367811990D5E9D70E32 /* [CP] Embed Pods Frameworks */ = {
			isa = PBXShellScriptBuildPhase;
			buildActionMask = 2147483647;
			files = (
			);
			inputFileListPaths = (
				"${PODS_ROOT}/Target Support Files/Pods-APOD/Pods-APOD-frameworks-${CONFIGURATION}-input-files.xcfilelist",
			);
			name = "[CP] Embed Pods Frameworks";
			outputFileListPaths = (
				"${PODS_ROOT}/Target Support Files/Pods-APOD/Pods-APOD-frameworks-${CONFIGURATION}-output-files.xcfilelist",
			);
			runOnlyForDeploymentPostprocessing = 0;
			shellPath = /bin/sh;
			shellScript = "\"${PODS_ROOT}/Target Support Files/Pods-APOD/Pods-APOD-frameworks.sh\"\n";
			showEnvVarsInLog = 0;
		};
/* End PBXShellScriptBuildPhase section */

/* Begin PBXSourcesBuildPhase section */
		BC582F9124F2C8E400F94D45 /* Sources */ = {
			isa = PBXSourcesBuildPhase;
			buildActionMask = 2147483647;
			files = (
				BC582F9D24F2C8E400F94D45 /* ViewController.swift in Sources */,
				BC582F9924F2C8E400F94D45 /* AppDelegate.swift in Sources */,
				BC582F9B24F2C8E400F94D45 /* SceneDelegate.swift in Sources */,
				BC582FAD24F3123000F94D45 /* ADPOmodel.swift in Sources */,
			);
			runOnlyForDeploymentPostprocessing = 0;
		};
/* End PBXSourcesBuildPhase section */

/* Begin PBXVariantGroup section */
		BC582F9E24F2C8E400F94D45 /* Main.storyboard */ = {
			isa = PBXVariantGroup;
			children = (
				BC582F9F24F2C8E400F94D45 /* Base */,
			);
			name = Main.storyboard;
			sourceTree = "<group>";
		};
		BC582FA324F2C8E500F94D45 /* LaunchScreen.storyboard */ = {
			isa = PBXVariantGroup;
			children = (
				BC582FA424F2C8E500F94D45 /* Base */,
			);
			name = LaunchScreen.storyboard;
			sourceTree = "<group>";
		};
/* End PBXVariantGroup section */

/* Begin XCBuildConfiguration section */
		BC582FA724F2C8E500F94D45 /* Debug */ = {
			isa = XCBuildConfiguration;
			buildSettings = {
				ALWAYS_SEARCH_USER_PATHS = NO;
				CLANG_ANALYZER_NONNULL = YES;
				CLANG_ANALYZER_NUMBER_OBJECT_CONVERSION = YES_AGGRESSIVE;
				CLANG_CXX_LANGUAGE_STANDARD = "gnu++14";
				CLANG_CXX_LIBRARY = "libc++";
				CLANG_ENABLE_MODULES = YES;
				CLANG_ENABLE_OBJC_ARC = YES;
				CLANG_ENABLE_OBJC_WEAK = YES;
				CLANG_WARN_BLOCK_CAPTURE_AUTORELEASING = YES;
				CLANG_WARN_BOOL_CONVERSION = YES;
				CLANG_WARN_COMMA = YES;
				CLANG_WARN_CONSTANT_CONVERSION = YES;
				CLANG_WARN_DEPRECATED_OBJC_IMPLEMENTATIONS = YES;
				CLANG_WARN_DIRECT_OBJC_ISA_USAGE = YES_ERROR;
				CLANG_WARN_DOCUMENTATION_COMMENTS = YES;
				CLANG_WARN_EMPTY_BODY = YES;
				CLANG_WARN_ENUM_CONVERSION = YES;
				CLANG_WARN_INFINITE_RECURSION = YES;
				CLANG_WARN_INT_CONVERSION = YES;
				CLANG_WARN_NON_LITERAL_NULL_CONVERSION = YES;
				CLANG_WARN_OBJC_IMPLICIT_RETAIN_SELF = YES;
				CLANG_WARN_OBJC_LITERAL_CONVERSION = YES;
				CLANG_WARN_OBJC_ROOT_CLASS = YES_ERROR;
				CLANG_WARN_RANGE_LOOP_ANALYSIS = YES;
				CLANG_WARN_STRICT_PROTOTYPES = YES;
				CLANG_WARN_SUSPICIOUS_MOVE = YES;
				CLANG_WARN_UNGUARDED_AVAILABILITY = YES_AGGRESSIVE;
				CLANG_WARN_UNREACHABLE_CODE = YES;
				CLANG_WARN__DUPLICATE_METHOD_MATCH = YES;
				COPY_PHASE_STRIP = NO;
				DEBUG_INFORMATION_FORMAT = dwarf;
				ENABLE_STRICT_OBJC_MSGSEND = YES;
				ENABLE_TESTABILITY = YES;
				GCC_C_LANGUAGE_STANDARD = gnu11;
				GCC_DYNAMIC_NO_PIC = NO;
				GCC_NO_COMMON_BLOCKS = YES;
				GCC_OPTIMIZATION_LEVEL = 0;
				GCC_PREPROCESSOR_DEFINITIONS = (
					"DEBUG=1",
					"$(inherited)",
				);
				GCC_WARN_64_TO_32_BIT_CONVERSION = YES;
				GCC_WARN_ABOUT_RETURN_TYPE = YES_ERROR;
				GCC_WARN_UNDECLARED_SELECTOR = YES;
				GCC_WARN_UNINITIALIZED_AUTOS = YES_AGGRESSIVE;
				GCC_WARN_UNUSED_FUNCTION = YES;
				GCC_WARN_UNUSED_VARIABLE = YES;
				IPHONEOS_DEPLOYMENT_TARGET = 13.6;
				MTL_ENABLE_DEBUG_INFO = INCLUDE_SOURCE;
				MTL_FAST_MATH = YES;
				ONLY_ACTIVE_ARCH = YES;
				SDKROOT = iphoneos;
				SWIFT_ACTIVE_COMPILATION_CONDITIONS = DEBUG;
				SWIFT_OPTIMIZATION_LEVEL = "-Onone";
			};
			name = Debug;
		};
		BC582FA824F2C8E500F94D45 /* Release */ = {
			isa = XCBuildConfiguration;
			buildSettings = {
				ALWAYS_SEARCH_USER_PATHS = NO;
				CLANG_ANALYZER_NONNULL = YES;
				CLANG_ANALYZER_NUMBER_OBJECT_CONVERSION = YES_AGGRESSIVE;
				CLANG_CXX_LANGUAGE_STANDARD = "gnu++14";
				CLANG_CXX_LIBRARY = "libc++";
				CLANG_ENABLE_MODULES = YES;
				CLANG_ENABLE_OBJC_ARC = YES;
				CLANG_ENABLE_OBJC_WEAK = YES;
				CLANG_WARN_BLOCK_CAPTURE_AUTORELEASING = YES;
				CLANG_WARN_BOOL_CONVERSION = YES;
				CLANG_WARN_COMMA = YES;
				CLANG_WARN_CONSTANT_CONVERSION = YES;
				CLANG_WARN_DEPRECATED_OBJC_IMPLEMENTATIONS = YES;
				CLANG_WARN_DIRECT_OBJC_ISA_USAGE = YES_ERROR;
				CLANG_WARN_DOCUMENTATION_COMMENTS = YES;
				CLANG_WARN_EMPTY_BODY = YES;
				CLANG_WARN_ENUM_CONVERSION = YES;
				CLANG_WARN_INFINITE_RECURSION = YES;
				CLANG_WARN_INT_CONVERSION = YES;
				CLANG_WARN_NON_LITERAL_NULL_CONVERSION = YES;
				CLANG_WARN_OBJC_IMPLICIT_RETAIN_SELF = YES;
				CLANG_WARN_OBJC_LITERAL_CONVERSION = YES;
				CLANG_WARN_OBJC_ROOT_CLASS = YES_ERROR;
				CLANG_WARN_RANGE_LOOP_ANALYSIS = YES;
				CLANG_WARN_STRICT_PROTOTYPES = YES;
				CLANG_WARN_SUSPICIOUS_MOVE = YES;
				CLANG_WARN_UNGUARDED_AVAILABILITY = YES_AGGRESSIVE;
				CLANG_WARN_UNREACHABLE_CODE = YES;
				CLANG_WARN__DUPLICATE_METHOD_MATCH = YES;
				COPY_PHASE_STRIP = NO;
				DEBUG_INFORMATION_FORMAT = "dwarf-with-dsym";
				ENABLE_NS_ASSERTIONS = NO;
				ENABLE_STRICT_OBJC_MSGSEND = YES;
				GCC_C_LANGUAGE_STANDARD = gnu11;
				GCC_NO_COMMON_BLOCKS = YES;
				GCC_WARN_64_TO_32_BIT_CONVERSION = YES;
				GCC_WARN_ABOUT_RETURN_TYPE = YES_ERROR;
				GCC_WARN_UNDECLARED_SELECTOR = YES;
				GCC_WARN_UNINITIALIZED_AUTOS = YES_AGGRESSIVE;
				GCC_WARN_UNUSED_FUNCTION = YES;
				GCC_WARN_UNUSED_VARIABLE = YES;
				IPHONEOS_DEPLOYMENT_TARGET = 13.6;
				MTL_ENABLE_DEBUG_INFO = NO;
				MTL_FAST_MATH = YES;
				SDKROOT = iphoneos;
				SWIFT_COMPILATION_MODE = wholemodule;
				SWIFT_OPTIMIZATION_LEVEL = "-O";
				VALIDATE_PRODUCT = YES;
			};
			name = Release;
		};
		BC582FAA24F2C8E500F94D45 /* Debug */ = {
			isa = XCBuildConfiguration;
			baseConfigurationReference = 5040F3BF64CBF9BC5AE060D8 /* Pods-APOD.debug.xcconfig */;
			buildSettings = {
				ASSETCATALOG_COMPILER_APPICON_NAME = AppIcon;
				CODE_SIGN_STYLE = Automatic;
				DEVELOPMENT_TEAM = GMC4Z3BP4Y;
				INFOPLIST_FILE = APOD/Info.plist;
				LD_RUNPATH_SEARCH_PATHS = (
					"$(inherited)",
					"@executable_path/Frameworks",
				);
				PRODUCT_BUNDLE_IDENTIFIER = com.kellough.APOD;
				PRODUCT_NAME = "$(TARGET_NAME)";
				SWIFT_VERSION = 5.0;
				TARGETED_DEVICE_FAMILY = "1,2";
			};
			name = Debug;
		};
		BC582FAB24F2C8E500F94D45 /* Release */ = {
			isa = XCBuildConfiguration;
			baseConfigurationReference = 206343B3137DAED7BC3CD03A /* Pods-APOD.release.xcconfig */;
			buildSettings = {
				ASSETCATALOG_COMPILER_APPICON_NAME = AppIcon;
				CODE_SIGN_STYLE = Automatic;
				DEVELOPMENT_TEAM = GMC4Z3BP4Y;
				INFOPLIST_FILE = APOD/Info.plist;
				LD_RUNPATH_SEARCH_PATHS = (
					"$(inherited)",
					"@executable_path/Frameworks",
				);
				PRODUCT_BUNDLE_IDENTIFIER = com.kellough.APOD;
				PRODUCT_NAME = "$(TARGET_NAME)";
				SWIFT_VERSION = 5.0;
				TARGETED_DEVICE_FAMILY = "1,2";
			};
			name = Release;
		};
/* End XCBuildConfiguration section */

/* Begin XCConfigurationList section */
		BC582F9024F2C8E400F94D45 /* Build configuration list for PBXProject "APOD" */ = {
			isa = XCConfigurationList;
			buildConfigurations = (
				BC582FA724F2C8E500F94D45 /* Debug */,
				BC582FA824F2C8E500F94D45 /* Release */,
			);
			defaultConfigurationIsVisible = 0;
			defaultConfigurationName = Release;
		};
		BC582FA924F2C8E500F94D45 /* Build configuration list for PBXNativeTarget "APOD" */ = {
			isa = XCConfigurationList;
			buildConfigurations = (
				BC582FAA24F2C8E500F94D45 /* Debug */,
				BC582FAB24F2C8E500F94D45 /* Release */,
			);
			defaultConfigurationIsVisible = 0;
			defaultConfigurationName = Release;
		};
/* End XCConfigurationList section */
	};
	rootObject = BC582F8D24F2C8E400F94D45 /* Project object */;
}
