// !$*UTF8*$!
{
	archiveVersion = 1;
	classes = {
	};
	objectVersion = 50;
	objects = {

/* Begin PBXBuildFile section */
		BC2D15F02556F9A0000FD033 /* AppDelegate.swift in Sources */ = {isa = PBXBuildFile; fileRef = BC2D15EF2556F9A0000FD033 /* AppDelegate.swift */; };
		BC2D15F22556F9A0000FD033 /* SceneDelegate.swift in Sources */ = {isa = PBXBuildFile; fileRef = BC2D15F12556F9A0000FD033 /* SceneDelegate.swift */; };
		BC2D15F42556F9A0000FD033 /* ViewController.swift in Sources */ = {isa = PBXBuildFile; fileRef = BC2D15F32556F9A0000FD033 /* ViewController.swift */; };
		BC2D15F72556F9A0000FD033 /* Main.storyboard in Resources */ = {isa = PBXBuildFile; fileRef = BC2D15F52556F9A0000FD033 /* Main.storyboard */; };
		BC2D15F92556F9A0000FD033 /* Assets.xcassets in Resources */ = {isa = PBXBuildFile; fileRef = BC2D15F82556F9A0000FD033 /* Assets.xcassets */; };
		BC2D15FC2556F9A0000FD033 /* LaunchScreen.storyboard in Resources */ = {isa = PBXBuildFile; fileRef = BC2D15FA2556F9A0000FD033 /* LaunchScreen.storyboard */; };
		BC2D160E2557015D000FD033 /* How_To_Use_Unit_TestingTests.swift in Sources */ = {isa = PBXBuildFile; fileRef = BC2D160D2557015D000FD033 /* How_To_Use_Unit_TestingTests.swift */; };
/* End PBXBuildFile section */

/* Begin PBXContainerItemProxy section */
		BC2D16102557015D000FD033 /* PBXContainerItemProxy */ = {
			isa = PBXContainerItemProxy;
			containerPortal = BC2D15E42556F9A0000FD033 /* Project object */;
			proxyType = 1;
			remoteGlobalIDString = BC2D15EB2556F9A0000FD033;
			remoteInfo = "How-To-Use-Unit-Testing";
		};
/* End PBXContainerItemProxy section */

/* Begin PBXFileReference section */
		BC2D15EC2556F9A0000FD033 /* How-To-Use-Unit-Testing.app */ = {isa = PBXFileReference; explicitFileType = wrapper.application; includeInIndex = 0; path = "How-To-Use-Unit-Testing.app"; sourceTree = BUILT_PRODUCTS_DIR; };
		BC2D15EF2556F9A0000FD033 /* AppDelegate.swift */ = {isa = PBXFileReference; lastKnownFileType = sourcecode.swift; path = AppDelegate.swift; sourceTree = "<group>"; };
		BC2D15F12556F9A0000FD033 /* SceneDelegate.swift */ = {isa = PBXFileReference; lastKnownFileType = sourcecode.swift; path = SceneDelegate.swift; sourceTree = "<group>"; };
		BC2D15F32556F9A0000FD033 /* ViewController.swift */ = {isa = PBXFileReference; lastKnownFileType = sourcecode.swift; path = ViewController.swift; sourceTree = "<group>"; };
		BC2D15F62556F9A0000FD033 /* Base */ = {isa = PBXFileReference; lastKnownFileType = file.storyboard; name = Base; path = Base.lproj/Main.storyboard; sourceTree = "<group>"; };
		BC2D15F82556F9A0000FD033 /* Assets.xcassets */ = {isa = PBXFileReference; lastKnownFileType = folder.assetcatalog; path = Assets.xcassets; sourceTree = "<group>"; };
		BC2D15FB2556F9A0000FD033 /* Base */ = {isa = PBXFileReference; lastKnownFileType = file.storyboard; name = Base; path = Base.lproj/LaunchScreen.storyboard; sourceTree = "<group>"; };
		BC2D15FD2556F9A0000FD033 /* Info.plist */ = {isa = PBXFileReference; lastKnownFileType = text.plist.xml; path = Info.plist; sourceTree = "<group>"; };
		BC2D160B2557015D000FD033 /* How-To-Use-Unit-TestingTests.xctest */ = {isa = PBXFileReference; explicitFileType = wrapper.cfbundle; includeInIndex = 0; path = "How-To-Use-Unit-TestingTests.xctest"; sourceTree = BUILT_PRODUCTS_DIR; };
		BC2D160D2557015D000FD033 /* How_To_Use_Unit_TestingTests.swift */ = {isa = PBXFileReference; lastKnownFileType = sourcecode.swift; path = How_To_Use_Unit_TestingTests.swift; sourceTree = "<group>"; };
		BC2D160F2557015D000FD033 /* Info.plist */ = {isa = PBXFileReference; lastKnownFileType = text.plist.xml; path = Info.plist; sourceTree = "<group>"; };
/* End PBXFileReference section */

/* Begin PBXFrameworksBuildPhase section */
		BC2D15E92556F9A0000FD033 /* Frameworks */ = {
			isa = PBXFrameworksBuildPhase;
			buildActionMask = 2147483647;
			files = (
			);
			runOnlyForDeploymentPostprocessing = 0;
		};
		BC2D16082557015D000FD033 /* Frameworks */ = {
			isa = PBXFrameworksBuildPhase;
			buildActionMask = 2147483647;
			files = (
			);
			runOnlyForDeploymentPostprocessing = 0;
		};
/* End PBXFrameworksBuildPhase section */

/* Begin PBXGroup section */
		BC2D15E32556F9A0000FD033 = {
			isa = PBXGroup;
			children = (
				BC2D15EE2556F9A0000FD033 /* How-To-Use-Unit-Testing */,
				BC2D160C2557015D000FD033 /* How-To-Use-Unit-TestingTests */,
				BC2D15ED2556F9A0000FD033 /* Products */,
			);
			sourceTree = "<group>";
		};
		BC2D15ED2556F9A0000FD033 /* Products */ = {
			isa = PBXGroup;
			children = (
				BC2D15EC2556F9A0000FD033 /* How-To-Use-Unit-Testing.app */,
				BC2D160B2557015D000FD033 /* How-To-Use-Unit-TestingTests.xctest */,
			);
			name = Products;
			sourceTree = "<group>";
		};
		BC2D15EE2556F9A0000FD033 /* How-To-Use-Unit-Testing */ = {
			isa = PBXGroup;
			children = (
				BC2D15EF2556F9A0000FD033 /* AppDelegate.swift */,
				BC2D15F12556F9A0000FD033 /* SceneDelegate.swift */,
				BC2D15F32556F9A0000FD033 /* ViewController.swift */,
				BC2D15F52556F9A0000FD033 /* Main.storyboard */,
				BC2D15F82556F9A0000FD033 /* Assets.xcassets */,
				BC2D15FA2556F9A0000FD033 /* LaunchScreen.storyboard */,
				BC2D15FD2556F9A0000FD033 /* Info.plist */,
			);
			path = "How-To-Use-Unit-Testing";
			sourceTree = "<group>";
		};
		BC2D160C2557015D000FD033 /* How-To-Use-Unit-TestingTests */ = {
			isa = PBXGroup;
			children = (
				BC2D160D2557015D000FD033 /* How_To_Use_Unit_TestingTests.swift */,
				BC2D160F2557015D000FD033 /* Info.plist */,
			);
			path = "How-To-Use-Unit-TestingTests";
			sourceTree = "<group>";
		};
/* End PBXGroup section */

/* Begin PBXNativeTarget section */
		BC2D15EB2556F9A0000FD033 /* How-To-Use-Unit-Testing */ = {
			isa = PBXNativeTarget;
			buildConfigurationList = BC2D16002556F9A0000FD033 /* Build configuration list for PBXNativeTarget "How-To-Use-Unit-Testing" */;
			buildPhases = (
				BC2D15E82556F9A0000FD033 /* Sources */,
				BC2D15E92556F9A0000FD033 /* Frameworks */,
				BC2D15EA2556F9A0000FD033 /* Resources */,
			);
			buildRules = (
			);
			dependencies = (
			);
			name = "How-To-Use-Unit-Testing";
			productName = "How-To-Use-Unit-Testing";
			productReference = BC2D15EC2556F9A0000FD033 /* How-To-Use-Unit-Testing.app */;
			productType = "com.apple.product-type.application";
		};
		BC2D160A2557015D000FD033 /* How-To-Use-Unit-TestingTests */ = {
			isa = PBXNativeTarget;
			buildConfigurationList = BC2D16142557015D000FD033 /* Build configuration list for PBXNativeTarget "How-To-Use-Unit-TestingTests" */;
			buildPhases = (
				BC2D16072557015D000FD033 /* Sources */,
				BC2D16082557015D000FD033 /* Frameworks */,
				BC2D16092557015D000FD033 /* Resources */,
			);
			buildRules = (
			);
			dependencies = (
				BC2D16112557015D000FD033 /* PBXTargetDependency */,
			);
			name = "How-To-Use-Unit-TestingTests";
			productName = "How-To-Use-Unit-TestingTests";
			productReference = BC2D160B2557015D000FD033 /* How-To-Use-Unit-TestingTests.xctest */;
			productType = "com.apple.product-type.bundle.unit-test";
		};
/* End PBXNativeTarget section */

/* Begin PBXProject section */
		BC2D15E42556F9A0000FD033 /* Project object */ = {
			isa = PBXProject;
			attributes = {
				LastSwiftUpdateCheck = 1210;
				LastUpgradeCheck = 1210;
				TargetAttributes = {
					BC2D15EB2556F9A0000FD033 = {
						CreatedOnToolsVersion = 12.1;
					};
					BC2D160A2557015D000FD033 = {
						CreatedOnToolsVersion = 12.1;
						TestTargetID = BC2D15EB2556F9A0000FD033;
					};
				};
			};
			buildConfigurationList = BC2D15E72556F9A0000FD033 /* Build configuration list for PBXProject "How-To-Use-Unit-Testing" */;
			compatibilityVersion = "Xcode 9.3";
			developmentRegion = en;
			hasScannedForEncodings = 0;
			knownRegions = (
				en,
				Base,
			);
			mainGroup = BC2D15E32556F9A0000FD033;
			productRefGroup = BC2D15ED2556F9A0000FD033 /* Products */;
			projectDirPath = "";
			projectRoot = "";
			targets = (
				BC2D15EB2556F9A0000FD033 /* How-To-Use-Unit-Testing */,
				BC2D160A2557015D000FD033 /* How-To-Use-Unit-TestingTests */,
			);
		};
/* End PBXProject section */

/* Begin PBXResourcesBuildPhase section */
		BC2D15EA2556F9A0000FD033 /* Resources */ = {
			isa = PBXResourcesBuildPhase;
			buildActionMask = 2147483647;
			files = (
				BC2D15FC2556F9A0000FD033 /* LaunchScreen.storyboard in Resources */,
				BC2D15F92556F9A0000FD033 /* Assets.xcassets in Resources */,
				BC2D15F72556F9A0000FD033 /* Main.storyboard in Resources */,
			);
			runOnlyForDeploymentPostprocessing = 0;
		};
		BC2D16092557015D000FD033 /* Resources */ = {
			isa = PBXResourcesBuildPhase;
			buildActionMask = 2147483647;
			files = (
			);
			runOnlyForDeploymentPostprocessing = 0;
		};
/* End PBXResourcesBuildPhase section */

/* Begin PBXSourcesBuildPhase section */
		BC2D15E82556F9A0000FD033 /* Sources */ = {
			isa = PBXSourcesBuildPhase;
			buildActionMask = 2147483647;
			files = (
				BC2D15F42556F9A0000FD033 /* ViewController.swift in Sources */,
				BC2D15F02556F9A0000FD033 /* AppDelegate.swift in Sources */,
				BC2D15F22556F9A0000FD033 /* SceneDelegate.swift in Sources */,
			);
			runOnlyForDeploymentPostprocessing = 0;
		};
		BC2D16072557015D000FD033 /* Sources */ = {
			isa = PBXSourcesBuildPhase;
			buildActionMask = 2147483647;
			files = (
				BC2D160E2557015D000FD033 /* How_To_Use_Unit_TestingTests.swift in Sources */,
			);
			runOnlyForDeploymentPostprocessing = 0;
		};
/* End PBXSourcesBuildPhase section */

/* Begin PBXTargetDependency section */
		BC2D16112557015D000FD033 /* PBXTargetDependency */ = {
			isa = PBXTargetDependency;
			target = BC2D15EB2556F9A0000FD033 /* How-To-Use-Unit-Testing */;
			targetProxy = BC2D16102557015D000FD033 /* PBXContainerItemProxy */;
		};
/* End PBXTargetDependency section */

/* Begin PBXVariantGroup section */
		BC2D15F52556F9A0000FD033 /* Main.storyboard */ = {
			isa = PBXVariantGroup;
			children = (
				BC2D15F62556F9A0000FD033 /* Base */,
			);
			name = Main.storyboard;
			sourceTree = "<group>";
		};
		BC2D15FA2556F9A0000FD033 /* LaunchScreen.storyboard */ = {
			isa = PBXVariantGroup;
			children = (
				BC2D15FB2556F9A0000FD033 /* Base */,
			);
			name = LaunchScreen.storyboard;
			sourceTree = "<group>";
		};
/* End PBXVariantGroup section */

/* Begin XCBuildConfiguration section */
		BC2D15FE2556F9A0000FD033 /* Debug */ = {
			isa = XCBuildConfiguration;
			buildSettings = {
				ALWAYS_SEARCH_USER_PATHS = NO;
				CLANG_ANALYZER_NONNULL = YES;
				CLANG_ANALYZER_NUMBER_OBJECT_CONVERSION = YES_AGGRESSIVE;
				CLANG_CXX_LANGUAGE_STANDARD = "gnu++14";
				CLANG_CXX_LIBRARY = "libc++";
				CLANG_ENABLE_MODULES = YES;
				CLANG_ENABLE_OBJC_ARC = YES;
				CLANG_ENABLE_OBJC_WEAK = YES;
				CLANG_WARN_BLOCK_CAPTURE_AUTORELEASING = YES;
				CLANG_WARN_BOOL_CONVERSION = YES;
				CLANG_WARN_COMMA = YES;
				CLANG_WARN_CONSTANT_CONVERSION = YES;
				CLANG_WARN_DEPRECATED_OBJC_IMPLEMENTATIONS = YES;
				CLANG_WARN_DIRECT_OBJC_ISA_USAGE = YES_ERROR;
				CLANG_WARN_DOCUMENTATION_COMMENTS = YES;
				CLANG_WARN_EMPTY_BODY = YES;
				CLANG_WARN_ENUM_CONVERSION = YES;
				CLANG_WARN_INFINITE_RECURSION = YES;
				CLANG_WARN_INT_CONVERSION = YES;
				CLANG_WARN_NON_LITERAL_NULL_CONVERSION = YES;
				CLANG_WARN_OBJC_IMPLICIT_RETAIN_SELF = YES;
				CLANG_WARN_OBJC_LITERAL_CONVERSION = YES;
				CLANG_WARN_OBJC_ROOT_CLASS = YES_ERROR;
				CLANG_WARN_QUOTED_INCLUDE_IN_FRAMEWORK_HEADER = YES;
				CLANG_WARN_RANGE_LOOP_ANALYSIS = YES;
				CLANG_WARN_STRICT_PROTOTYPES = YES;
				CLANG_WARN_SUSPICIOUS_MOVE = YES;
				CLANG_WARN_UNGUARDED_AVAILABILITY = YES_AGGRESSIVE;
				CLANG_WARN_UNREACHABLE_CODE = YES;
				CLANG_WARN__DUPLICATE_METHOD_MATCH = YES;
				COPY_PHASE_STRIP = NO;
				DEBUG_INFORMATION_FORMAT = dwarf;
				ENABLE_STRICT_OBJC_MSGSEND = YES;
				ENABLE_TESTABILITY = YES;
				GCC_C_LANGUAGE_STANDARD = gnu11;
				GCC_DYNAMIC_NO_PIC = NO;
				GCC_NO_COMMON_BLOCKS = YES;
				GCC_OPTIMIZATION_LEVEL = 0;
				GCC_PREPROCESSOR_DEFINITIONS = (
					"DEBUG=1",
					"$(inherited)",
				);
				GCC_WARN_64_TO_32_BIT_CONVERSION = YES;
				GCC_WARN_ABOUT_RETURN_TYPE = YES_ERROR;
				GCC_WARN_UNDECLARED_SELECTOR = YES;
				GCC_WARN_UNINITIALIZED_AUTOS = YES_AGGRESSIVE;
				GCC_WARN_UNUSED_FUNCTION = YES;
				GCC_WARN_UNUSED_VARIABLE = YES;
				IPHONEOS_DEPLOYMENT_TARGET = 14.1;
				MTL_ENABLE_DEBUG_INFO = INCLUDE_SOURCE;
				MTL_FAST_MATH = YES;
				ONLY_ACTIVE_ARCH = YES;
				SDKROOT = iphoneos;
				SWIFT_ACTIVE_COMPILATION_CONDITIONS = DEBUG;
				SWIFT_OPTIMIZATION_LEVEL = "-Onone";
			};
			name = Debug;
		};
		BC2D15FF2556F9A0000FD033 /* Release */ = {
			isa = XCBuildConfiguration;
			buildSettings = {
				ALWAYS_SEARCH_USER_PATHS = NO;
				CLANG_ANALYZER_NONNULL = YES;
				CLANG_ANALYZER_NUMBER_OBJECT_CONVERSION = YES_AGGRESSIVE;
				CLANG_CXX_LANGUAGE_STANDARD = "gnu++14";
				CLANG_CXX_LIBRARY = "libc++";
				CLANG_ENABLE_MODULES = YES;
				CLANG_ENABLE_OBJC_ARC = YES;
				CLANG_ENABLE_OBJC_WEAK = YES;
				CLANG_WARN_BLOCK_CAPTURE_AUTORELEASING = YES;
				CLANG_WARN_BOOL_CONVERSION = YES;
				CLANG_WARN_COMMA = YES;
				CLANG_WARN_CONSTANT_CONVERSION = YES;
				CLANG_WARN_DEPRECATED_OBJC_IMPLEMENTATIONS = YES;
				CLANG_WARN_DIRECT_OBJC_ISA_USAGE = YES_ERROR;
				CLANG_WARN_DOCUMENTATION_COMMENTS = YES;
				CLANG_WARN_EMPTY_BODY = YES;
				CLANG_WARN_ENUM_CONVERSION = YES;
				CLANG_WARN_INFINITE_RECURSION = YES;
				CLANG_WARN_INT_CONVERSION = YES;
				CLANG_WARN_NON_LITERAL_NULL_CONVERSION = YES;
				CLANG_WARN_OBJC_IMPLICIT_RETAIN_SELF = YES;
				CLANG_WARN_OBJC_LITERAL_CONVERSION = YES;
				CLANG_WARN_OBJC_ROOT_CLASS = YES_ERROR;
				CLANG_WARN_QUOTED_INCLUDE_IN_FRAMEWORK_HEADER = YES;
				CLANG_WARN_RANGE_LOOP_ANALYSIS = YES;
				CLANG_WARN_STRICT_PROTOTYPES = YES;
				CLANG_WARN_SUSPICIOUS_MOVE = YES;
				CLANG_WARN_UNGUARDED_AVAILABILITY = YES_AGGRESSIVE;
				CLANG_WARN_UNREACHABLE_CODE = YES;
				CLANG_WARN__DUPLICATE_METHOD_MATCH = YES;
				COPY_PHASE_STRIP = NO;
				DEBUG_INFORMATION_FORMAT = "dwarf-with-dsym";
				ENABLE_NS_ASSERTIONS = NO;
				ENABLE_STRICT_OBJC_MSGSEND = YES;
				GCC_C_LANGUAGE_STANDARD = gnu11;
				GCC_NO_COMMON_BLOCKS = YES;
				GCC_WARN_64_TO_32_BIT_CONVERSION = YES;
				GCC_WARN_ABOUT_RETURN_TYPE = YES_ERROR;
				GCC_WARN_UNDECLARED_SELECTOR = YES;
				GCC_WARN_UNINITIALIZED_AUTOS = YES_AGGRESSIVE;
				GCC_WARN_UNUSED_FUNCTION = YES;
				GCC_WARN_UNUSED_VARIABLE = YES;
				IPHONEOS_DEPLOYMENT_TARGET = 14.1;
				MTL_ENABLE_DEBUG_INFO = NO;
				MTL_FAST_MATH = YES;
				SDKROOT = iphoneos;
				SWIFT_COMPILATION_MODE = wholemodule;
				SWIFT_OPTIMIZATION_LEVEL = "-O";
				VALIDATE_PRODUCT = YES;
			};
			name = Release;
		};
		BC2D16012556F9A0000FD033 /* Debug */ = {
			isa = XCBuildConfiguration;
			buildSettings = {
				ASSETCATALOG_COMPILER_APPICON_NAME = AppIcon;
				ASSETCATALOG_COMPILER_GLOBAL_ACCENT_COLOR_NAME = AccentColor;
				CODE_SIGN_STYLE = Automatic;
				DEVELOPMENT_TEAM = GMC4Z3BP4Y;
				INFOPLIST_FILE = "How-To-Use-Unit-Testing/Info.plist";
				LD_RUNPATH_SEARCH_PATHS = (
					"$(inherited)",
					"@executable_path/Frameworks",
				);
				PRODUCT_BUNDLE_IDENTIFIER = "com.kellough.How-To-Use-Unit-Testing";
				PRODUCT_NAME = "$(TARGET_NAME)";
				SWIFT_VERSION = 5.0;
				TARGETED_DEVICE_FAMILY = "1,2";
			};
			name = Debug;
		};
		BC2D16022556F9A0000FD033 /* Release */ = {
			isa = XCBuildConfiguration;
			buildSettings = {
				ASSETCATALOG_COMPILER_APPICON_NAME = AppIcon;
				ASSETCATALOG_COMPILER_GLOBAL_ACCENT_COLOR_NAME = AccentColor;
				CODE_SIGN_STYLE = Automatic;
				DEVELOPMENT_TEAM = GMC4Z3BP4Y;
				INFOPLIST_FILE = "How-To-Use-Unit-Testing/Info.plist";
				LD_RUNPATH_SEARCH_PATHS = (
					"$(inherited)",
					"@executable_path/Frameworks",
				);
				PRODUCT_BUNDLE_IDENTIFIER = "com.kellough.How-To-Use-Unit-Testing";
				PRODUCT_NAME = "$(TARGET_NAME)";
				SWIFT_VERSION = 5.0;
				TARGETED_DEVICE_FAMILY = "1,2";
			};
			name = Release;
		};
		BC2D16122557015D000FD033 /* Debug */ = {
			isa = XCBuildConfiguration;
			buildSettings = {
				BUNDLE_LOADER = "$(TEST_HOST)";
				CODE_SIGN_STYLE = Automatic;
				DEVELOPMENT_TEAM = GMC4Z3BP4Y;
				INFOPLIST_FILE = "How-To-Use-Unit-TestingTests/Info.plist";
				LD_RUNPATH_SEARCH_PATHS = (
					"$(inherited)",
					"@executable_path/Frameworks",
					"@loader_path/Frameworks",
				);
				PRODUCT_BUNDLE_IDENTIFIER = "com.kellough.How-To-Use-Unit-TestingTests";
				PRODUCT_NAME = "$(TARGET_NAME)";
				SWIFT_VERSION = 5.0;
				TARGETED_DEVICE_FAMILY = "1,2";
				TEST_HOST = "$(BUILT_PRODUCTS_DIR)/How-To-Use-Unit-Testing.app/How-To-Use-Unit-Testing";
			};
			name = Debug;
		};
		BC2D16132557015D000FD033 /* Release */ = {
			isa = XCBuildConfiguration;
			buildSettings = {
				BUNDLE_LOADER = "$(TEST_HOST)";
				CODE_SIGN_STYLE = Automatic;
				DEVELOPMENT_TEAM = GMC4Z3BP4Y;
				INFOPLIST_FILE = "How-To-Use-Unit-TestingTests/Info.plist";
				LD_RUNPATH_SEARCH_PATHS = (
					"$(inherited)",
					"@executable_path/Frameworks",
					"@loader_path/Frameworks",
				);
				PRODUCT_BUNDLE_IDENTIFIER = "com.kellough.How-To-Use-Unit-TestingTests";
				PRODUCT_NAME = "$(TARGET_NAME)";
				SWIFT_VERSION = 5.0;
				TARGETED_DEVICE_FAMILY = "1,2";
				TEST_HOST = "$(BUILT_PRODUCTS_DIR)/How-To-Use-Unit-Testing.app/How-To-Use-Unit-Testing";
			};
			name = Release;
		};
/* End XCBuildConfiguration section */

/* Begin XCConfigurationList section */
		BC2D15E72556F9A0000FD033 /* Build configuration list for PBXProject "How-To-Use-Unit-Testing" */ = {
			isa = XCConfigurationList;
			buildConfigurations = (
				BC2D15FE2556F9A0000FD033 /* Debug */,
				BC2D15FF2556F9A0000FD033 /* Release */,
			);
			defaultConfigurationIsVisible = 0;
			defaultConfigurationName = Release;
		};
		BC2D16002556F9A0000FD033 /* Build configuration list for PBXNativeTarget "How-To-Use-Unit-Testing" */ = {
			isa = XCConfigurationList;
			buildConfigurations = (
				BC2D16012556F9A0000FD033 /* Debug */,
				BC2D16022556F9A0000FD033 /* Release */,
			);
			defaultConfigurationIsVisible = 0;
			defaultConfigurationName = Release;
		};
		BC2D16142557015D000FD033 /* Build configuration list for PBXNativeTarget "How-To-Use-Unit-TestingTests" */ = {
			isa = XCConfigurationList;
			buildConfigurations = (
				BC2D16122557015D000FD033 /* Debug */,
				BC2D16132557015D000FD033 /* Release */,
			);
			defaultConfigurationIsVisible = 0;
			defaultConfigurationName = Release;
		};
/* End XCConfigurationList section */
	};
	rootObject = BC2D15E42556F9A0000FD033 /* Project object */;
}
