// !$*UTF8*$!
{
	archiveVersion = 1;
	classes = {
	};
	objectVersion = 50;
	objects = {

/* Begin PBXBuildFile section */
		BCF2100324D8DAFE00899B6F /* AppDelegate.swift in Sources */ = {isa = PBXBuildFile; fileRef = BCF2100224D8DAFE00899B6F /* AppDelegate.swift */; };
		BCF2100524D8DAFE00899B6F /* SceneDelegate.swift in Sources */ = {isa = PBXBuildFile; fileRef = BCF2100424D8DAFE00899B6F /* SceneDelegate.swift */; };
		BCF2100724D8DAFE00899B6F /* ViewController.swift in Sources */ = {isa = PBXBuildFile; fileRef = BCF2100624D8DAFE00899B6F /* ViewController.swift */; };
		BCF2100A24D8DAFE00899B6F /* Main.storyboard in Resources */ = {isa = PBXBuildFile; fileRef = BCF2100824D8DAFE00899B6F /* Main.storyboard */; };
		BCF2100C24D8DAFF00899B6F /* Assets.xcassets in Resources */ = {isa = PBXBuildFile; fileRef = BCF2100B24D8DAFF00899B6F /* Assets.xcassets */; };
		BCF2100F24D8DAFF00899B6F /* LaunchScreen.storyboard in Resources */ = {isa = PBXBuildFile; fileRef = BCF2100D24D8DAFF00899B6F /* LaunchScreen.storyboard */; };
/* End PBXBuildFile section */

/* Begin PBXFileReference section */
		BCF20FFF24D8DAFE00899B6F /* How-To-Set-Up-Biomerics.app */ = {isa = PBXFileReference; explicitFileType = wrapper.application; includeInIndex = 0; path = "How-To-Set-Up-Biomerics.app"; sourceTree = BUILT_PRODUCTS_DIR; };
		BCF2100224D8DAFE00899B6F /* AppDelegate.swift */ = {isa = PBXFileReference; lastKnownFileType = sourcecode.swift; path = AppDelegate.swift; sourceTree = "<group>"; };
		BCF2100424D8DAFE00899B6F /* SceneDelegate.swift */ = {isa = PBXFileReference; lastKnownFileType = sourcecode.swift; path = SceneDelegate.swift; sourceTree = "<group>"; };
		BCF2100624D8DAFE00899B6F /* ViewController.swift */ = {isa = PBXFileReference; lastKnownFileType = sourcecode.swift; path = ViewController.swift; sourceTree = "<group>"; };
		BCF2100924D8DAFE00899B6F /* Base */ = {isa = PBXFileReference; lastKnownFileType = file.storyboard; name = Base; path = Base.lproj/Main.storyboard; sourceTree = "<group>"; };
		BCF2100B24D8DAFF00899B6F /* Assets.xcassets */ = {isa = PBXFileReference; lastKnownFileType = folder.assetcatalog; path = Assets.xcassets; sourceTree = "<group>"; };
		BCF2100E24D8DAFF00899B6F /* Base */ = {isa = PBXFileReference; lastKnownFileType = file.storyboard; name = Base; path = Base.lproj/LaunchScreen.storyboard; sourceTree = "<group>"; };
		BCF2101024D8DAFF00899B6F /* Info.plist */ = {isa = PBXFileReference; lastKnownFileType = text.plist.xml; path = Info.plist; sourceTree = "<group>"; };
/* End PBXFileReference section */

/* Begin PBXFrameworksBuildPhase section */
		BCF20FFC24D8DAFE00899B6F /* Frameworks */ = {
			isa = PBXFrameworksBuildPhase;
			buildActionMask = 2147483647;
			files = (
			);
			runOnlyForDeploymentPostprocessing = 0;
		};
/* End PBXFrameworksBuildPhase section */

/* Begin PBXGroup section */
		BCF20FF624D8DAFE00899B6F = {
			isa = PBXGroup;
			children = (
				BCF2100124D8DAFE00899B6F /* How-To-Set-Up-Biomerics */,
				BCF2100024D8DAFE00899B6F /* Products */,
			);
			sourceTree = "<group>";
		};
		BCF2100024D8DAFE00899B6F /* Products */ = {
			isa = PBXGroup;
			children = (
				BCF20FFF24D8DAFE00899B6F /* How-To-Set-Up-Biomerics.app */,
			);
			name = Products;
			sourceTree = "<group>";
		};
		BCF2100124D8DAFE00899B6F /* How-To-Set-Up-Biomerics */ = {
			isa = PBXGroup;
			children = (
				BCF2100224D8DAFE00899B6F /* AppDelegate.swift */,
				BCF2100424D8DAFE00899B6F /* SceneDelegate.swift */,
				BCF2100624D8DAFE00899B6F /* ViewController.swift */,
				BCF2100824D8DAFE00899B6F /* Main.storyboard */,
				BCF2100B24D8DAFF00899B6F /* Assets.xcassets */,
				BCF2100D24D8DAFF00899B6F /* LaunchScreen.storyboard */,
				BCF2101024D8DAFF00899B6F /* Info.plist */,
			);
			path = "How-To-Set-Up-Biomerics";
			sourceTree = "<group>";
		};
/* End PBXGroup section */

/* Begin PBXNativeTarget section */
		BCF20FFE24D8DAFE00899B6F /* How-To-Set-Up-Biomerics */ = {
			isa = PBXNativeTarget;
			buildConfigurationList = BCF2101324D8DAFF00899B6F /* Build configuration list for PBXNativeTarget "How-To-Set-Up-Biomerics" */;
			buildPhases = (
				BCF20FFB24D8DAFE00899B6F /* Sources */,
				BCF20FFC24D8DAFE00899B6F /* Frameworks */,
				BCF20FFD24D8DAFE00899B6F /* Resources */,
			);
			buildRules = (
			);
			dependencies = (
			);
			name = "How-To-Set-Up-Biomerics";
			productName = "How-To-Set-Up-Biomerics";
			productReference = BCF20FFF24D8DAFE00899B6F /* How-To-Set-Up-Biomerics.app */;
			productType = "com.apple.product-type.application";
		};
/* End PBXNativeTarget section */

/* Begin PBXProject section */
		BCF20FF724D8DAFE00899B6F /* Project object */ = {
			isa = PBXProject;
			attributes = {
				LastSwiftUpdateCheck = 1150;
				LastUpgradeCheck = 1150;
				ORGANIZATIONNAME = "Thomas Kellough";
				TargetAttributes = {
					BCF20FFE24D8DAFE00899B6F = {
						CreatedOnToolsVersion = 11.5;
					};
				};
			};
			buildConfigurationList = BCF20FFA24D8DAFE00899B6F /* Build configuration list for PBXProject "How-To-Set-Up-Biomerics" */;
			compatibilityVersion = "Xcode 9.3";
			developmentRegion = en;
			hasScannedForEncodings = 0;
			knownRegions = (
				en,
				Base,
			);
			mainGroup = BCF20FF624D8DAFE00899B6F;
			productRefGroup = BCF2100024D8DAFE00899B6F /* Products */;
			projectDirPath = "";
			projectRoot = "";
			targets = (
				BCF20FFE24D8DAFE00899B6F /* How-To-Set-Up-Biomerics */,
			);
		};
/* End PBXProject section */

/* Begin PBXResourcesBuildPhase section */
		BCF20FFD24D8DAFE00899B6F /* Resources */ = {
			isa = PBXResourcesBuildPhase;
			buildActionMask = 2147483647;
			files = (
				BCF2100F24D8DAFF00899B6F /* LaunchScreen.storyboard in Resources */,
				BCF2100C24D8DAFF00899B6F /* Assets.xcassets in Resources */,
				BCF2100A24D8DAFE00899B6F /* Main.storyboard in Resources */,
			);
			runOnlyForDeploymentPostprocessing = 0;
		};
/* End PBXResourcesBuildPhase section */

/* Begin PBXSourcesBuildPhase section */
		BCF20FFB24D8DAFE00899B6F /* Sources */ = {
			isa = PBXSourcesBuildPhase;
			buildActionMask = 2147483647;
			files = (
				BCF2100724D8DAFE00899B6F /* ViewController.swift in Sources */,
				BCF2100324D8DAFE00899B6F /* AppDelegate.swift in Sources */,
				BCF2100524D8DAFE00899B6F /* SceneDelegate.swift in Sources */,
			);
			runOnlyForDeploymentPostprocessing = 0;
		};
/* End PBXSourcesBuildPhase section */

/* Begin PBXVariantGroup section */
		BCF2100824D8DAFE00899B6F /* Main.storyboard */ = {
			isa = PBXVariantGroup;
			children = (
				BCF2100924D8DAFE00899B6F /* Base */,
			);
			name = Main.storyboard;
			sourceTree = "<group>";
		};
		BCF2100D24D8DAFF00899B6F /* LaunchScreen.storyboard */ = {
			isa = PBXVariantGroup;
			children = (
				BCF2100E24D8DAFF00899B6F /* Base */,
			);
			name = LaunchScreen.storyboard;
			sourceTree = "<group>";
		};
/* End PBXVariantGroup section */

/* Begin XCBuildConfiguration section */
		BCF2101124D8DAFF00899B6F /* Debug */ = {
			isa = XCBuildConfiguration;
			buildSettings = {
				ALWAYS_SEARCH_USER_PATHS = NO;
				CLANG_ANALYZER_NONNULL = YES;
				CLANG_ANALYZER_NUMBER_OBJECT_CONVERSION = YES_AGGRESSIVE;
				CLANG_CXX_LANGUAGE_STANDARD = "gnu++14";
				CLANG_CXX_LIBRARY = "libc++";
				CLANG_ENABLE_MODULES = YES;
				CLANG_ENABLE_OBJC_ARC = YES;
				CLANG_ENABLE_OBJC_WEAK = YES;
				CLANG_WARN_BLOCK_CAPTURE_AUTORELEASING = YES;
				CLANG_WARN_BOOL_CONVERSION = YES;
				CLANG_WARN_COMMA = YES;
				CLANG_WARN_CONSTANT_CONVERSION = YES;
				CLANG_WARN_DEPRECATED_OBJC_IMPLEMENTATIONS = YES;
				CLANG_WARN_DIRECT_OBJC_ISA_USAGE = YES_ERROR;
				CLANG_WARN_DOCUMENTATION_COMMENTS = YES;
				CLANG_WARN_EMPTY_BODY = YES;
				CLANG_WARN_ENUM_CONVERSION = YES;
				CLANG_WARN_INFINITE_RECURSION = YES;
				CLANG_WARN_INT_CONVERSION = YES;
				CLANG_WARN_NON_LITERAL_NULL_CONVERSION = YES;
				CLANG_WARN_OBJC_IMPLICIT_RETAIN_SELF = YES;
				CLANG_WARN_OBJC_LITERAL_CONVERSION = YES;
				CLANG_WARN_OBJC_ROOT_CLASS = YES_ERROR;
				CLANG_WARN_RANGE_LOOP_ANALYSIS = YES;
				CLANG_WARN_STRICT_PROTOTYPES = YES;
				CLANG_WARN_SUSPICIOUS_MOVE = YES;
				CLANG_WARN_UNGUARDED_AVAILABILITY = YES_AGGRESSIVE;
				CLANG_WARN_UNREACHABLE_CODE = YES;
				CLANG_WARN__DUPLICATE_METHOD_MATCH = YES;
				COPY_PHASE_STRIP = NO;
				DEBUG_INFORMATION_FORMAT = dwarf;
				ENABLE_STRICT_OBJC_MSGSEND = YES;
				ENABLE_TESTABILITY = YES;
				GCC_C_LANGUAGE_STANDARD = gnu11;
				GCC_DYNAMIC_NO_PIC = NO;
				GCC_NO_COMMON_BLOCKS = YES;
				GCC_OPTIMIZATION_LEVEL = 0;
				GCC_PREPROCESSOR_DEFINITIONS = (
					"DEBUG=1",
					"$(inherited)",
				);
				GCC_WARN_64_TO_32_BIT_CONVERSION = YES;
				GCC_WARN_ABOUT_RETURN_TYPE = YES_ERROR;
				GCC_WARN_UNDECLARED_SELECTOR = YES;
				GCC_WARN_UNINITIALIZED_AUTOS = YES_AGGRESSIVE;
				GCC_WARN_UNUSED_FUNCTION = YES;
				GCC_WARN_UNUSED_VARIABLE = YES;
				IPHONEOS_DEPLOYMENT_TARGET = 13.5;
				MTL_ENABLE_DEBUG_INFO = INCLUDE_SOURCE;
				MTL_FAST_MATH = YES;
				ONLY_ACTIVE_ARCH = YES;
				SDKROOT = iphoneos;
				SWIFT_ACTIVE_COMPILATION_CONDITIONS = DEBUG;
				SWIFT_OPTIMIZATION_LEVEL = "-Onone";
			};
			name = Debug;
		};
		BCF2101224D8DAFF00899B6F /* Release */ = {
			isa = XCBuildConfiguration;
			buildSettings = {
				ALWAYS_SEARCH_USER_PATHS = NO;
				CLANG_ANALYZER_NONNULL = YES;
				CLANG_ANALYZER_NUMBER_OBJECT_CONVERSION = YES_AGGRESSIVE;
				CLANG_CXX_LANGUAGE_STANDARD = "gnu++14";
				CLANG_CXX_LIBRARY = "libc++";
				CLANG_ENABLE_MODULES = YES;
				CLANG_ENABLE_OBJC_ARC = YES;
				CLANG_ENABLE_OBJC_WEAK = YES;
				CLANG_WARN_BLOCK_CAPTURE_AUTORELEASING = YES;
				CLANG_WARN_BOOL_CONVERSION = YES;
				CLANG_WARN_COMMA = YES;
				CLANG_WARN_CONSTANT_CONVERSION = YES;
				CLANG_WARN_DEPRECATED_OBJC_IMPLEMENTATIONS = YES;
				CLANG_WARN_DIRECT_OBJC_ISA_USAGE = YES_ERROR;
				CLANG_WARN_DOCUMENTATION_COMMENTS = YES;
				CLANG_WARN_EMPTY_BODY = YES;
				CLANG_WARN_ENUM_CONVERSION = YES;
				CLANG_WARN_INFINITE_RECURSION = YES;
				CLANG_WARN_INT_CONVERSION = YES;
				CLANG_WARN_NON_LITERAL_NULL_CONVERSION = YES;
				CLANG_WARN_OBJC_IMPLICIT_RETAIN_SELF = YES;
				CLANG_WARN_OBJC_LITERAL_CONVERSION = YES;
				CLANG_WARN_OBJC_ROOT_CLASS = YES_ERROR;
				CLANG_WARN_RANGE_LOOP_ANALYSIS = YES;
				CLANG_WARN_STRICT_PROTOTYPES = YES;
				CLANG_WARN_SUSPICIOUS_MOVE = YES;
				CLANG_WARN_UNGUARDED_AVAILABILITY = YES_AGGRESSIVE;
				CLANG_WARN_UNREACHABLE_CODE = YES;
				CLANG_WARN__DUPLICATE_METHOD_MATCH = YES;
				COPY_PHASE_STRIP = NO;
				DEBUG_INFORMATION_FORMAT = "dwarf-with-dsym";
				ENABLE_NS_ASSERTIONS = NO;
				ENABLE_STRICT_OBJC_MSGSEND = YES;
				GCC_C_LANGUAGE_STANDARD = gnu11;
				GCC_NO_COMMON_BLOCKS = YES;
				GCC_WARN_64_TO_32_BIT_CONVERSION = YES;
				GCC_WARN_ABOUT_RETURN_TYPE = YES_ERROR;
				GCC_WARN_UNDECLARED_SELECTOR = YES;
				GCC_WARN_UNINITIALIZED_AUTOS = YES_AGGRESSIVE;
				GCC_WARN_UNUSED_FUNCTION = YES;
				GCC_WARN_UNUSED_VARIABLE = YES;
				IPHONEOS_DEPLOYMENT_TARGET = 13.5;
				MTL_ENABLE_DEBUG_INFO = NO;
				MTL_FAST_MATH = YES;
				SDKROOT = iphoneos;
				SWIFT_COMPILATION_MODE = wholemodule;
				SWIFT_OPTIMIZATION_LEVEL = "-O";
				VALIDATE_PRODUCT = YES;
			};
			name = Release;
		};
		BCF2101424D8DAFF00899B6F /* Debug */ = {
			isa = XCBuildConfiguration;
			buildSettings = {
				ASSETCATALOG_COMPILER_APPICON_NAME = AppIcon;
				CODE_SIGN_STYLE = Automatic;
				DEVELOPMENT_TEAM = GMC4Z3BP4Y;
				INFOPLIST_FILE = "How-To-Set-Up-Biomerics/Info.plist";
				LD_RUNPATH_SEARCH_PATHS = (
					"$(inherited)",
					"@executable_path/Frameworks",
				);
				PRODUCT_BUNDLE_IDENTIFIER = "com.kellough.How-To-Set-Up-Biomerics";
				PRODUCT_NAME = "$(TARGET_NAME)";
				SWIFT_VERSION = 5.0;
				TARGETED_DEVICE_FAMILY = "1,2";
			};
			name = Debug;
		};
		BCF2101524D8DAFF00899B6F /* Release */ = {
			isa = XCBuildConfiguration;
			buildSettings = {
				ASSETCATALOG_COMPILER_APPICON_NAME = AppIcon;
				CODE_SIGN_STYLE = Automatic;
				DEVELOPMENT_TEAM = GMC4Z3BP4Y;
				INFOPLIST_FILE = "How-To-Set-Up-Biomerics/Info.plist";
				LD_RUNPATH_SEARCH_PATHS = (
					"$(inherited)",
					"@executable_path/Frameworks",
				);
				PRODUCT_BUNDLE_IDENTIFIER = "com.kellough.How-To-Set-Up-Biomerics";
				PRODUCT_NAME = "$(TARGET_NAME)";
				SWIFT_VERSION = 5.0;
				TARGETED_DEVICE_FAMILY = "1,2";
			};
			name = Release;
		};
/* End XCBuildConfiguration section */

/* Begin XCConfigurationList section */
		BCF20FFA24D8DAFE00899B6F /* Build configuration list for PBXProject "How-To-Set-Up-Biomerics" */ = {
			isa = XCConfigurationList;
			buildConfigurations = (
				BCF2101124D8DAFF00899B6F /* Debug */,
				BCF2101224D8DAFF00899B6F /* Release */,
			);
			defaultConfigurationIsVisible = 0;
			defaultConfigurationName = Release;
		};
		BCF2101324D8DAFF00899B6F /* Build configuration list for PBXNativeTarget "How-To-Set-Up-Biomerics" */ = {
			isa = XCConfigurationList;
			buildConfigurations = (
				BCF2101424D8DAFF00899B6F /* Debug */,
				BCF2101524D8DAFF00899B6F /* Release */,
			);
			defaultConfigurationIsVisible = 0;
			defaultConfigurationName = Release;
		};
/* End XCConfigurationList section */
	};
	rootObject = BCF20FF724D8DAFE00899B6F /* Project object */;
}
